PODS:
  - Alamofire (4.7.2)
  - Amplitude-iOS (4.2.1)
  - Crashlytics (3.10.3):
    - Fabric (~> 1.7.8)
  - Fabric (1.7.8)
  - MJRefresh (3.1.15.3)
  - MMWormhole (2.0.0):
    - MMWormhole/Core (= 2.0.0)
  - MMWormhole/Core (2.0.0)
  - SnapKit (4.0.0)
  - SPBaseKit (0.1.0):
    - SPBaseKit/Core (= 0.1.0)
    - SPBaseKit/Vender (= 0.1.0)
  - SPBaseKit/Core (0.1.0)
  - SPBaseKit/Vender (0.1.0):
    - Amplitude-iOS (~> 4.2)
    - Crashlytics (~> 3.10)
    - Fabric (~> 1.7)
  - SwiftColor (1.0.0)
  - SwiftTimer (2.0)
  - TrafficPolice (1.0):
    - SwiftTimer (~> 2.0)
  - VTAcknowledgementsViewController (1.4.1)

DEPENDENCIES:
  - Alamofire
  - MJRefresh
  - MMWormhole
  - SnapKit
  - SPBaseKit (from `../SPBaseKit`)
  - SwiftColor
  - TrafficPolice
  - VTAcknowledgementsViewController

SPEC REPOS:
  https://github.com/cocoapods/specs.git:
    - Alamofire
    - Amplitude-iOS
    - Crashlytics
    - Fabric
    - MJRefresh
    - MMWormhole
    - SnapKit
    - SwiftColor
    - SwiftTimer
    - TrafficPolice
    - VTAcknowledgementsViewController

EXTERNAL SOURCES:
  SPBaseKit:
    :path: "../SPBaseKit"

SPEC CHECKSUMS:
  Alamofire: e4fa87002c137ba2d8d634d2c51fabcda0d5c223
  Amplitude-iOS: 84da24ca8557fa3741888502c30c0b8b365acd7d
  Crashlytics: 2aea305161a2122492698c75af27f2b98aa49a25
  Fabric: fba4684a95df789565b0b27fc5b6e68f1755af32
  MJRefresh: b48380ae2b927b46c4ef000de9adb8dc748e1df7
  MMWormhole: 0cd3fd35a9118b2e2d762b499f54eeaace0be791
  SnapKit: a42d492c16e80209130a3379f73596c3454b7694
  SPBaseKit: 93407815ff836c8efe728d844992ba5aa897d9fc
  SwiftColor: aad338783abbcdd78df9031a38a7a96aae3d9122
  SwiftTimer: 4d25ff045d81c3132e1161a3ba2353d06ff63c30
  TrafficPolice: 0d41222c4ca8048f03a29eb50630c5ae9f3288b0
  VTAcknowledgementsViewController: 9a7d0f040f17dfa6d02fc731bec8b188e4b4ee59

PODFILE CHECKSUM: 7a19e3de52802af68bbab22d1580b23fa8dd9f98

COCOAPODS: 1.5.3
