PODS:
  - Amplitude-iOS (4.2.1)
  - Crashlytics (3.10.3):
    - Fabric (~> 1.7.8)
  - Fabric (1.7.8)
  - ionicons (2.1.1)
  - MJRefresh (3.1.15.3)
  - ReactiveCocoa (7.2.0):
    - ReactiveSwift (~> 3.1)
  - ReactiveSwift (3.1.0):
    - Result (~> 3.2)
  - Result (3.2.4)
  - SnapKit (4.0.0)
  - SPBaseKit (0.1.0):
    - SPBaseKit/Core (= 0.1.0)
    - SPBaseKit/Vender (= 0.1.0)
  - SPBaseKit/Core (0.1.0)
  - SPBaseKit/Vender (0.1.0):
    - Amplitude-iOS (~> 4.2)
    - Crashlytics (~> 3.10)
    - Fabric (~> 1.7)
  - SVProgressHUD (2.2.5)
  - VTAcknowledgementsViewController (1.4.1)
  - WCDB.swift (1.0.6.2):
    - WCDB.swift/sqlcipher (= 1.0.6.2)
  - WCDB.swift/sqlcipher (1.0.6.2)

DEPENDENCIES:
  - ionicons (~> 2.1.1)
  - MJRefresh (~> 3.1.15)
  - ReactiveCocoa (~> 7.2.0)
  - ReactiveSwift (~> 3.1.0)
  - SnapKit (~> 4.0.0)
  - SPBaseKit (from `https://github.com/Tuluobo/SPBaseKit.git`, commit `014a996`)
  - SPBaseKit/Core (from `https://github.com/Tuluobo/SPBaseKit.git`, commit `014a996`)
  - SVProgressHUD (~> 2.2.5)
  - VTAcknowledgementsViewController (~> 1.4.1)
  - WCDB.swift (~> 1.0.6)

SPEC REPOS:
  https://github.com/cocoapods/specs.git:
    - Amplitude-iOS
    - Crashlytics
    - Fabric
    - ionicons
    - MJRefresh
    - ReactiveCocoa
    - ReactiveSwift
    - Result
    - SnapKit
    - SVProgressHUD
    - VTAcknowledgementsViewController
    - WCDB.swift

EXTERNAL SOURCES:
  SPBaseKit:
    :commit: 014a996
    :git: https://github.com/Tuluobo/SPBaseKit.git

CHECKOUT OPTIONS:
  SPBaseKit:
    :commit: 014a996
    :git: https://github.com/Tuluobo/SPBaseKit.git

SPEC CHECKSUMS:
  Amplitude-iOS: 84da24ca8557fa3741888502c30c0b8b365acd7d
  Crashlytics: 2aea305161a2122492698c75af27f2b98aa49a25
  Fabric: fba4684a95df789565b0b27fc5b6e68f1755af32
  ionicons: 630bcd2c2970741c3359e3a35ad544e71d3c086b
  MJRefresh: b48380ae2b927b46c4ef000de9adb8dc748e1df7
  ReactiveCocoa: 476dae7ca790f40d30d186a1bd7ebae4290395d5
  ReactiveSwift: 5b26d2e988fe0eed2daf48c4054d1de74db50184
  Result: d2d07204ce72856f1fd9130bbe42c35a7b0fea10
  SnapKit: a42d492c16e80209130a3379f73596c3454b7694
  SPBaseKit: 75c6e7d3c4a3643e9de0dea7b4af42d0eec6e8b4
  SVProgressHUD: 1428aafac632c1f86f62aa4243ec12008d7a51d6
  VTAcknowledgementsViewController: 9a7d0f040f17dfa6d02fc731bec8b188e4b4ee59
  WCDB.swift: 4f0f3e19085546ef85a69b5087ec5e1dec0f88b1

PODFILE CHECKSUM: e0dd1590a55fccbfad7e995fbeec196c45c5988d

COCOAPODS: 1.5.3
