// !$*UTF8*$!
{
	archiveVersion = 1;
	classes = {
	};
	objectVersion = 50;
	objects = {

/* Begin PBXBuildFile section */
		374334B108050CE3C4385AF6 /* Pods_NEWidget.framework in Frameworks */ = {isa = PBXBuildFile; fileRef = E4DCA76CEDF8233A0080FCB4 /* Pods_NEWidget.framework */; };
		D60DADE620EBB1FD00DE39F1 /* CocoaAsyncSocket.framework in Frameworks */ = {isa = PBXBuildFile; fileRef = D655D60120E77FF900FC22A3 /* CocoaAsyncSocket.framework */; };
		D60DADE720EBB1FD00DE39F1 /* CocoaLumberjack.framework in Frameworks */ = {isa = PBXBuildFile; fileRef = D655D60320E77FF900FC22A3 /* CocoaLumberjack.framework */; };
		D60DADE820EBB1FD00DE39F1 /* CocoaLumberjackSwift.framework in Frameworks */ = {isa = PBXBuildFile; fileRef = D655D5FF20E77FF900FC22A3 /* CocoaLumberjackSwift.framework */; };
		D60DADE920EBB1FD00DE39F1 /* lwip.framework in Frameworks */ = {isa = PBXBuildFile; fileRef = D655D60020E77FF900FC22A3 /* lwip.framework */; };
		D60DADEA20EBB1FD00DE39F1 /* MMDB.framework in Frameworks */ = {isa = PBXBuildFile; fileRef = D655D60220E77FF900FC22A3 /* MMDB.framework */; };
		D60DADEB20EBB1FD00DE39F1 /* NEKit.framework in Frameworks */ = {isa = PBXBuildFile; fileRef = D655D5FA20E77FF900FC22A3 /* NEKit.framework */; };
		D60DADEC20EBB1FD00DE39F1 /* Resolver.framework in Frameworks */ = {isa = PBXBuildFile; fileRef = D655D5FE20E77FF900FC22A3 /* Resolver.framework */; };
		D60DADED20EBB1FD00DE39F1 /* Sodium.framework in Frameworks */ = {isa = PBXBuildFile; fileRef = D655D5FD20E77FF900FC22A3 /* Sodium.framework */; };
		D60DADEE20EBB1FD00DE39F1 /* tun2socks.framework in Frameworks */ = {isa = PBXBuildFile; fileRef = D655D5FB20E77FF900FC22A3 /* tun2socks.framework */; };
		D60DADEF20EBB1FD00DE39F1 /* Yaml.framework in Frameworks */ = {isa = PBXBuildFile; fileRef = D655D5FC20E77FF900FC22A3 /* Yaml.framework */; };
		D60DADF120EBBCFB00DE39F1 /* VPNManager.swift in Sources */ = {isa = PBXBuildFile; fileRef = D60DADF020EBBCFB00DE39F1 /* VPNManager.swift */; };
		D60DADFC20EBCB5B00DE39F1 /* config.template.socks5.general.yaml in Resources */ = {isa = PBXBuildFile; fileRef = D60DADF520EBCB5A00DE39F1 /* config.template.socks5.general.yaml */; };
		D60DADFE20EBCB5B00DE39F1 /* config.template.socks5.all.yaml in Resources */ = {isa = PBXBuildFile; fileRef = D60DADF620EBCB5A00DE39F1 /* config.template.socks5.all.yaml */; };
		D60DAE0020EBCB5B00DE39F1 /* config.template.ss.all.yaml in Resources */ = {isa = PBXBuildFile; fileRef = D60DADF720EBCB5A00DE39F1 /* config.template.ss.all.yaml */; };
		D60DAE0220EBCB5B00DE39F1 /* config.template.http.general.yaml in Resources */ = {isa = PBXBuildFile; fileRef = D60DADF820EBCB5A00DE39F1 /* config.template.http.general.yaml */; };
		D60DAE0420EBCB5B00DE39F1 /* config.template.http.all.yaml in Resources */ = {isa = PBXBuildFile; fileRef = D60DADF920EBCB5A00DE39F1 /* config.template.http.all.yaml */; };
		D60DAE0620EBCB5B00DE39F1 /* config.template.ss.general.yaml in Resources */ = {isa = PBXBuildFile; fileRef = D60DADFA20EBCB5A00DE39F1 /* config.template.ss.general.yaml */; };
		D655D60420E77FF900FC22A3 /* NEKit.framework in Frameworks */ = {isa = PBXBuildFile; fileRef = D655D5FA20E77FF900FC22A3 /* NEKit.framework */; };
		D655D60520E77FF900FC22A3 /* tun2socks.framework in Frameworks */ = {isa = PBXBuildFile; fileRef = D655D5FB20E77FF900FC22A3 /* tun2socks.framework */; };
		D655D60620E77FF900FC22A3 /* Yaml.framework in Frameworks */ = {isa = PBXBuildFile; fileRef = D655D5FC20E77FF900FC22A3 /* Yaml.framework */; };
		D655D60720E77FF900FC22A3 /* Sodium.framework in Frameworks */ = {isa = PBXBuildFile; fileRef = D655D5FD20E77FF900FC22A3 /* Sodium.framework */; };
		D655D60820E77FF900FC22A3 /* Resolver.framework in Frameworks */ = {isa = PBXBuildFile; fileRef = D655D5FE20E77FF900FC22A3 /* Resolver.framework */; };
		D655D60920E77FF900FC22A3 /* CocoaLumberjackSwift.framework in Frameworks */ = {isa = PBXBuildFile; fileRef = D655D5FF20E77FF900FC22A3 /* CocoaLumberjackSwift.framework */; };
		D655D60A20E77FF900FC22A3 /* lwip.framework in Frameworks */ = {isa = PBXBuildFile; fileRef = D655D60020E77FF900FC22A3 /* lwip.framework */; };
		D655D60B20E77FF900FC22A3 /* CocoaAsyncSocket.framework in Frameworks */ = {isa = PBXBuildFile; fileRef = D655D60120E77FF900FC22A3 /* CocoaAsyncSocket.framework */; };
		D655D60C20E77FF900FC22A3 /* MMDB.framework in Frameworks */ = {isa = PBXBuildFile; fileRef = D655D60220E77FF900FC22A3 /* MMDB.framework */; };
		D655D60D20E77FF900FC22A3 /* CocoaLumberjack.framework in Frameworks */ = {isa = PBXBuildFile; fileRef = D655D60320E77FF900FC22A3 /* CocoaLumberjack.framework */; };
		D655D61120E7838400FC22A3 /* ConfigManager.swift in Sources */ = {isa = PBXBuildFile; fileRef = D655D61020E7838400FC22A3 /* ConfigManager.swift */; };
		D655D61320E784C100FC22A3 /* TrackerManager.swift in Sources */ = {isa = PBXBuildFile; fileRef = D655D61220E784C100FC22A3 /* TrackerManager.swift */; };
		D661CD8020ED0FED00466830 /* ProxyViewCell.swift in Sources */ = {isa = PBXBuildFile; fileRef = D661CD7F20ED0FEC00466830 /* ProxyViewCell.swift */; };
		D6741A5820E75B8A00C6AFFA /* AppDelegate.swift in Sources */ = {isa = PBXBuildFile; fileRef = D6741A5720E75B8A00C6AFFA /* AppDelegate.swift */; };
		D6741A5A20E75B8A00C6AFFA /* HomeViewController.swift in Sources */ = {isa = PBXBuildFile; fileRef = D6741A5920E75B8A00C6AFFA /* HomeViewController.swift */; };
		D6741A5D20E75B8A00C6AFFA /* Main.storyboard in Resources */ = {isa = PBXBuildFile; fileRef = D6741A5B20E75B8A00C6AFFA /* Main.storyboard */; };
		D6741A5F20E75B8B00C6AFFA /* Assets.xcassets in Resources */ = {isa = PBXBuildFile; fileRef = D6741A5E20E75B8B00C6AFFA /* Assets.xcassets */; };
		D6741A6220E75B8B00C6AFFA /* LaunchScreen.storyboard in Resources */ = {isa = PBXBuildFile; fileRef = D6741A6020E75B8B00C6AFFA /* LaunchScreen.storyboard */; };
		D6741A8B20E7662900C6AFFA /* NetworkExtension.framework in Frameworks */ = {isa = PBXBuildFile; fileRef = D6741A8A20E7662900C6AFFA /* NetworkExtension.framework */; };
		D6741A9320E778B200C6AFFA /* PacketTunnelProvider.swift in Sources */ = {isa = PBXBuildFile; fileRef = D6741A9220E778B200C6AFFA /* PacketTunnelProvider.swift */; };
		D6741A9820E778B200C6AFFA /* NEWidget.appex in Embed App Extensions */ = {isa = PBXBuildFile; fileRef = D6741A9020E778B200C6AFFA /* NEWidget.appex */; settings = {ATTRIBUTES = (RemoveHeadersOnCopy, ); }; };
		D6741A9C20E778BC00C6AFFA /* NetworkExtension.framework in Frameworks */ = {isa = PBXBuildFile; fileRef = D6741A8A20E7662900C6AFFA /* NetworkExtension.framework */; };
		D688AC6920EE5A5400A49AD5 /* ConfigParserHelper.swift in Sources */ = {isa = PBXBuildFile; fileRef = D688AC6820EE5A5400A49AD5 /* ConfigParserHelper.swift */; };
		D688ACED20EE72F600A49AD5 /* AdapterFactoryParser.swift in Sources */ = {isa = PBXBuildFile; fileRef = D688ACE520EE6F9300A49AD5 /* AdapterFactoryParser.swift */; };
		D688ACEE20EE733C00A49AD5 /* RuleParser.swift in Sources */ = {isa = PBXBuildFile; fileRef = D688ACE420EE6F9300A49AD5 /* RuleParser.swift */; };
		D6CE8FE120E7AA4800209AF0 /* AboutViewController.swift in Sources */ = {isa = PBXBuildFile; fileRef = D6CE8FE020E7AA4800209AF0 /* AboutViewController.swift */; };
		D6CE8FE320E7AA6500209AF0 /* ProxyModeViewController.swift in Sources */ = {isa = PBXBuildFile; fileRef = D6CE8FE220E7AA6500209AF0 /* ProxyModeViewController.swift */; };
		D6CE8FE520E7AAAE00209AF0 /* EditSocks5ViewController.swift in Sources */ = {isa = PBXBuildFile; fileRef = D6CE8FE420E7AAAE00209AF0 /* EditSocks5ViewController.swift */; };
		D6CE8FEB20E7B95900209AF0 /* Pods-Leiter-acknowledgements.plist in Resources */ = {isa = PBXBuildFile; fileRef = D6CE8FEA20E7B95800209AF0 /* Pods-Leiter-acknowledgements.plist */; };
		D6CE8FEE20E7BAC900209AF0 /* Constant.swift in Sources */ = {isa = PBXBuildFile; fileRef = D6CE8FED20E7BAC900209AF0 /* Constant.swift */; };
		D6CE8FF220E7CB8C00209AF0 /* HomeViewModel.swift in Sources */ = {isa = PBXBuildFile; fileRef = D6CE8FF120E7CB8C00209AF0 /* HomeViewModel.swift */; };
		D6CE8FF520E7CC4C00209AF0 /* Proxy.swift in Sources */ = {isa = PBXBuildFile; fileRef = D6CE8FF420E7CC4C00209AF0 /* Proxy.swift */; };
		D6CE900620E7DC4900209AF0 /* EditHttpViewController.swift in Sources */ = {isa = PBXBuildFile; fileRef = D6CE900520E7DC4900209AF0 /* EditHttpViewController.swift */; };
		D6CE900820E7DC5D00209AF0 /* EditSSViewController.swift in Sources */ = {isa = PBXBuildFile; fileRef = D6CE900720E7DC5D00209AF0 /* EditSSViewController.swift */; };
		D6CE900A20E7DC7300209AF0 /* ScanQRViewController.swift in Sources */ = {isa = PBXBuildFile; fileRef = D6CE900920E7DC7300209AF0 /* ScanQRViewController.swift */; };
		D6CE900C20E8767900209AF0 /* BaseNavigationController.swift in Sources */ = {isa = PBXBuildFile; fileRef = D6CE900B20E8767900209AF0 /* BaseNavigationController.swift */; };
		D6CE901C20E8A37B00209AF0 /* Socks5.storyboard in Resources */ = {isa = PBXBuildFile; fileRef = D6CE901720E8A37B00209AF0 /* Socks5.storyboard */; };
		D6CE901D20E8A37B00209AF0 /* Shadowsocks.storyboard in Resources */ = {isa = PBXBuildFile; fileRef = D6CE901920E8A37B00209AF0 /* Shadowsocks.storyboard */; };
		D6CE901F20E8A50F00209AF0 /* EncryptionViewController.swift in Sources */ = {isa = PBXBuildFile; fileRef = D6CE901E20E8A50F00209AF0 /* EncryptionViewController.swift */; };
		D6CE902420E8C02F00209AF0 /* ProxyManager.swift in Sources */ = {isa = PBXBuildFile; fileRef = D6CE902320E8C02F00209AF0 /* ProxyManager.swift */; };
		D6CE902620E8C9BD00209AF0 /* LeiterManager.swift in Sources */ = {isa = PBXBuildFile; fileRef = D6CE902520E8C9BD00209AF0 /* LeiterManager.swift */; };
		D6CE902920E8CE5B00209AF0 /* BaseModel.swift in Sources */ = {isa = PBXBuildFile; fileRef = D6CE902820E8CE5B00209AF0 /* BaseModel.swift */; };
		D6CE902B20E8D32F00209AF0 /* DatabaseManager.swift in Sources */ = {isa = PBXBuildFile; fileRef = D6CE902A20E8D32F00209AF0 /* DatabaseManager.swift */; };
		D6D79C6420F2348E002B06AE /* TextFieldCell.swift in Sources */ = {isa = PBXBuildFile; fileRef = D6D79C6320F2348E002B06AE /* TextFieldCell.swift */; };
		D6D79C6620F234A1002B06AE /* SwitchCell.swift in Sources */ = {isa = PBXBuildFile; fileRef = D6D79C6520F234A1002B06AE /* SwitchCell.swift */; };
		D6D79C6820F23608002B06AE /* UIFontExtension.swift in Sources */ = {isa = PBXBuildFile; fileRef = D6D79C6720F23608002B06AE /* UIFontExtension.swift */; };
		D6D79C6B20F2446B002B06AE /* Http.storyboard in Resources */ = {isa = PBXBuildFile; fileRef = D6D79C6920F2446A002B06AE /* Http.storyboard */; };
		DCFA865615B527014DE39EF8 /* Pods_Leiter.framework in Frameworks */ = {isa = PBXBuildFile; fileRef = B88CF410450E8D58D1B7D86D /* Pods_Leiter.framework */; };
/* End PBXBuildFile section */

/* Begin PBXContainerItemProxy section */
		D6741A9620E778B200C6AFFA /* PBXContainerItemProxy */ = {
			isa = PBXContainerItemProxy;
			containerPortal = D6741A4C20E75B8A00C6AFFA /* Project object */;
			proxyType = 1;
			remoteGlobalIDString = D6741A8F20E778B200C6AFFA;
			remoteInfo = NEWidget;
		};
/* End PBXContainerItemProxy section */

/* Begin PBXCopyFilesBuildPhase section */
		D6741A7F20E75BEB00C6AFFA /* Embed App Extensions */ = {
			isa = PBXCopyFilesBuildPhase;
			buildActionMask = 2147483647;
			dstPath = "";
			dstSubfolderSpec = 13;
			files = (
				D6741A9820E778B200C6AFFA /* NEWidget.appex in Embed App Extensions */,
			);
			name = "Embed App Extensions";
			runOnlyForDeploymentPostprocessing = 0;
		};
/* End PBXCopyFilesBuildPhase section */

/* Begin PBXFileReference section */
		4329204FECF3A825B54DF91D /* Pods-TodayWidget.release.xcconfig */ = {isa = PBXFileReference; includeInIndex = 1; lastKnownFileType = text.xcconfig; name = "Pods-TodayWidget.release.xcconfig"; path = "Pods/Target Support Files/Pods-TodayWidget/Pods-TodayWidget.release.xcconfig"; sourceTree = "<group>"; };
		668652A098DA44C25D7996D5 /* Pods-TodayWidget.debug.xcconfig */ = {isa = PBXFileReference; includeInIndex = 1; lastKnownFileType = text.xcconfig; name = "Pods-TodayWidget.debug.xcconfig"; path = "Pods/Target Support Files/Pods-TodayWidget/Pods-TodayWidget.debug.xcconfig"; sourceTree = "<group>"; };
		90193D5FEAA10ADFF40AFB3D /* Pods-NEWidget.debug.xcconfig */ = {isa = PBXFileReference; includeInIndex = 1; lastKnownFileType = text.xcconfig; name = "Pods-NEWidget.debug.xcconfig"; path = "Pods/Target Support Files/Pods-NEWidget/Pods-NEWidget.debug.xcconfig"; sourceTree = "<group>"; };
		9F218691A7BDA42A2E764B39 /* Pods-NEWidget.release.xcconfig */ = {isa = PBXFileReference; includeInIndex = 1; lastKnownFileType = text.xcconfig; name = "Pods-NEWidget.release.xcconfig"; path = "Pods/Target Support Files/Pods-NEWidget/Pods-NEWidget.release.xcconfig"; sourceTree = "<group>"; };
		B88CF410450E8D58D1B7D86D /* Pods_Leiter.framework */ = {isa = PBXFileReference; explicitFileType = wrapper.framework; includeInIndex = 0; path = Pods_Leiter.framework; sourceTree = BUILT_PRODUCTS_DIR; };
		D60DADF020EBBCFB00DE39F1 /* VPNManager.swift */ = {isa = PBXFileReference; lastKnownFileType = sourcecode.swift; path = VPNManager.swift; sourceTree = "<group>"; };
		D60DADF520EBCB5A00DE39F1 /* config.template.socks5.general.yaml */ = {isa = PBXFileReference; fileEncoding = 4; lastKnownFileType = text; path = config.template.socks5.general.yaml; sourceTree = "<group>"; };
		D60DADF620EBCB5A00DE39F1 /* config.template.socks5.all.yaml */ = {isa = PBXFileReference; fileEncoding = 4; lastKnownFileType = text; path = config.template.socks5.all.yaml; sourceTree = "<group>"; };
		D60DADF720EBCB5A00DE39F1 /* config.template.ss.all.yaml */ = {isa = PBXFileReference; fileEncoding = 4; lastKnownFileType = text; path = config.template.ss.all.yaml; sourceTree = "<group>"; };
		D60DADF820EBCB5A00DE39F1 /* config.template.http.general.yaml */ = {isa = PBXFileReference; fileEncoding = 4; lastKnownFileType = text; path = config.template.http.general.yaml; sourceTree = "<group>"; };
		D60DADF920EBCB5A00DE39F1 /* config.template.http.all.yaml */ = {isa = PBXFileReference; fileEncoding = 4; lastKnownFileType = text; path = config.template.http.all.yaml; sourceTree = "<group>"; };
		D60DADFA20EBCB5A00DE39F1 /* config.template.ss.general.yaml */ = {isa = PBXFileReference; fileEncoding = 4; lastKnownFileType = text; path = config.template.ss.general.yaml; sourceTree = "<group>"; };
		D655D5FA20E77FF900FC22A3 /* NEKit.framework */ = {isa = PBXFileReference; lastKnownFileType = wrapper.framework; name = NEKit.framework; path = Carthage/Build/iOS/NEKit.framework; sourceTree = "<group>"; };
		D655D5FB20E77FF900FC22A3 /* tun2socks.framework */ = {isa = PBXFileReference; lastKnownFileType = wrapper.framework; name = tun2socks.framework; path = Carthage/Build/iOS/tun2socks.framework; sourceTree = "<group>"; };
		D655D5FC20E77FF900FC22A3 /* Yaml.framework */ = {isa = PBXFileReference; lastKnownFileType = wrapper.framework; name = Yaml.framework; path = Carthage/Build/iOS/Yaml.framework; sourceTree = "<group>"; };
		D655D5FD20E77FF900FC22A3 /* Sodium.framework */ = {isa = PBXFileReference; lastKnownFileType = wrapper.framework; name = Sodium.framework; path = Carthage/Build/iOS/Sodium.framework; sourceTree = "<group>"; };
		D655D5FE20E77FF900FC22A3 /* Resolver.framework */ = {isa = PBXFileReference; lastKnownFileType = wrapper.framework; name = Resolver.framework; path = Carthage/Build/iOS/Resolver.framework; sourceTree = "<group>"; };
		D655D5FF20E77FF900FC22A3 /* CocoaLumberjackSwift.framework */ = {isa = PBXFileReference; lastKnownFileType = wrapper.framework; name = CocoaLumberjackSwift.framework; path = Carthage/Build/iOS/CocoaLumberjackSwift.framework; sourceTree = "<group>"; };
		D655D60020E77FF900FC22A3 /* lwip.framework */ = {isa = PBXFileReference; lastKnownFileType = wrapper.framework; name = lwip.framework; path = Carthage/Build/iOS/lwip.framework; sourceTree = "<group>"; };
		D655D60120E77FF900FC22A3 /* CocoaAsyncSocket.framework */ = {isa = PBXFileReference; lastKnownFileType = wrapper.framework; name = CocoaAsyncSocket.framework; path = Carthage/Build/iOS/CocoaAsyncSocket.framework; sourceTree = "<group>"; };
		D655D60220E77FF900FC22A3 /* MMDB.framework */ = {isa = PBXFileReference; lastKnownFileType = wrapper.framework; name = MMDB.framework; path = Carthage/Build/iOS/MMDB.framework; sourceTree = "<group>"; };
		D655D60320E77FF900FC22A3 /* CocoaLumberjack.framework */ = {isa = PBXFileReference; lastKnownFileType = wrapper.framework; name = CocoaLumberjack.framework; path = Carthage/Build/iOS/CocoaLumberjack.framework; sourceTree = "<group>"; };
		D655D61020E7838400FC22A3 /* ConfigManager.swift */ = {isa = PBXFileReference; lastKnownFileType = sourcecode.swift; path = ConfigManager.swift; sourceTree = "<group>"; };
		D655D61220E784C100FC22A3 /* TrackerManager.swift */ = {isa = PBXFileReference; lastKnownFileType = sourcecode.swift; path = TrackerManager.swift; sourceTree = "<group>"; };
		D661CD7F20ED0FEC00466830 /* ProxyViewCell.swift */ = {isa = PBXFileReference; fileEncoding = 4; lastKnownFileType = sourcecode.swift; path = ProxyViewCell.swift; sourceTree = "<group>"; };
		D6741A5420E75B8A00C6AFFA /* Leiter.app */ = {isa = PBXFileReference; explicitFileType = wrapper.application; includeInIndex = 0; path = Leiter.app; sourceTree = BUILT_PRODUCTS_DIR; };
		D6741A5720E75B8A00C6AFFA /* AppDelegate.swift */ = {isa = PBXFileReference; lastKnownFileType = sourcecode.swift; path = AppDelegate.swift; sourceTree = "<group>"; };
		D6741A5920E75B8A00C6AFFA /* HomeViewController.swift */ = {isa = PBXFileReference; lastKnownFileType = sourcecode.swift; path = HomeViewController.swift; sourceTree = "<group>"; };
		D6741A5C20E75B8A00C6AFFA /* Base */ = {isa = PBXFileReference; lastKnownFileType = file.storyboard; name = Base; path = Base.lproj/Main.storyboard; sourceTree = "<group>"; };
		D6741A5E20E75B8B00C6AFFA /* Assets.xcassets */ = {isa = PBXFileReference; lastKnownFileType = folder.assetcatalog; path = Assets.xcassets; sourceTree = "<group>"; };
		D6741A6120E75B8B00C6AFFA /* Base */ = {isa = PBXFileReference; lastKnownFileType = file.storyboard; name = Base; path = Base.lproj/LaunchScreen.storyboard; sourceTree = "<group>"; };
		D6741A6320E75B8B00C6AFFA /* Info.plist */ = {isa = PBXFileReference; lastKnownFileType = text.plist.xml; path = Info.plist; sourceTree = "<group>"; };
		D6741A7020E75BEB00C6AFFA /* NotificationCenter.framework */ = {isa = PBXFileReference; lastKnownFileType = wrapper.framework; name = NotificationCenter.framework; path = System/Library/Frameworks/NotificationCenter.framework; sourceTree = SDKROOT; };
		D6741A8020E75C2C00C6AFFA /* Leiter.entitlements */ = {isa = PBXFileReference; lastKnownFileType = text.plist.entitlements; path = Leiter.entitlements; sourceTree = "<group>"; };
		D6741A8A20E7662900C6AFFA /* NetworkExtension.framework */ = {isa = PBXFileReference; lastKnownFileType = wrapper.framework; name = NetworkExtension.framework; path = System/Library/Frameworks/NetworkExtension.framework; sourceTree = SDKROOT; };
		D6741A9020E778B200C6AFFA /* NEWidget.appex */ = {isa = PBXFileReference; explicitFileType = "wrapper.app-extension"; includeInIndex = 0; path = NEWidget.appex; sourceTree = BUILT_PRODUCTS_DIR; };
		D6741A9220E778B200C6AFFA /* PacketTunnelProvider.swift */ = {isa = PBXFileReference; lastKnownFileType = sourcecode.swift; path = PacketTunnelProvider.swift; sourceTree = "<group>"; };
		D6741A9420E778B200C6AFFA /* Info.plist */ = {isa = PBXFileReference; lastKnownFileType = text.plist.xml; path = Info.plist; sourceTree = "<group>"; };
		D6741A9520E778B200C6AFFA /* NEWidget.entitlements */ = {isa = PBXFileReference; lastKnownFileType = text.plist.entitlements; path = NEWidget.entitlements; sourceTree = "<group>"; };
		D688AC6820EE5A5400A49AD5 /* ConfigParserHelper.swift */ = {isa = PBXFileReference; lastKnownFileType = sourcecode.swift; path = ConfigParserHelper.swift; sourceTree = "<group>"; };
		D688ACE420EE6F9300A49AD5 /* RuleParser.swift */ = {isa = PBXFileReference; fileEncoding = 4; lastKnownFileType = sourcecode.swift; path = RuleParser.swift; sourceTree = "<group>"; };
		D688ACE520EE6F9300A49AD5 /* AdapterFactoryParser.swift */ = {isa = PBXFileReference; fileEncoding = 4; lastKnownFileType = sourcecode.swift; path = AdapterFactoryParser.swift; sourceTree = "<group>"; };
		D6CE8FE020E7AA4800209AF0 /* AboutViewController.swift */ = {isa = PBXFileReference; lastKnownFileType = sourcecode.swift; path = AboutViewController.swift; sourceTree = "<group>"; };
		D6CE8FE220E7AA6500209AF0 /* ProxyModeViewController.swift */ = {isa = PBXFileReference; lastKnownFileType = sourcecode.swift; path = ProxyModeViewController.swift; sourceTree = "<group>"; };
		D6CE8FE420E7AAAE00209AF0 /* EditSocks5ViewController.swift */ = {isa = PBXFileReference; lastKnownFileType = sourcecode.swift; path = EditSocks5ViewController.swift; sourceTree = "<group>"; };
		D6CE8FEA20E7B95800209AF0 /* Pods-Leiter-acknowledgements.plist */ = {isa = PBXFileReference; fileEncoding = 4; lastKnownFileType = text.plist.xml; name = "Pods-Leiter-acknowledgements.plist"; path = "Pods/Target Support Files/Pods-Leiter/Pods-Leiter-acknowledgements.plist"; sourceTree = SOURCE_ROOT; };
		D6CE8FED20E7BAC900209AF0 /* Constant.swift */ = {isa = PBXFileReference; lastKnownFileType = sourcecode.swift; path = Constant.swift; sourceTree = "<group>"; };
		D6CE8FF120E7CB8C00209AF0 /* HomeViewModel.swift */ = {isa = PBXFileReference; lastKnownFileType = sourcecode.swift; path = HomeViewModel.swift; sourceTree = "<group>"; };
		D6CE8FF420E7CC4C00209AF0 /* Proxy.swift */ = {isa = PBXFileReference; lastKnownFileType = sourcecode.swift; path = Proxy.swift; sourceTree = "<group>"; };
		D6CE900520E7DC4900209AF0 /* EditHttpViewController.swift */ = {isa = PBXFileReference; lastKnownFileType = sourcecode.swift; path = EditHttpViewController.swift; sourceTree = "<group>"; };
		D6CE900720E7DC5D00209AF0 /* EditSSViewController.swift */ = {isa = PBXFileReference; lastKnownFileType = sourcecode.swift; path = EditSSViewController.swift; sourceTree = "<group>"; };
		D6CE900920E7DC7300209AF0 /* ScanQRViewController.swift */ = {isa = PBXFileReference; lastKnownFileType = sourcecode.swift; path = ScanQRViewController.swift; sourceTree = "<group>"; };
		D6CE900B20E8767900209AF0 /* BaseNavigationController.swift */ = {isa = PBXFileReference; lastKnownFileType = sourcecode.swift; path = BaseNavigationController.swift; sourceTree = "<group>"; };
		D6CE901820E8A37B00209AF0 /* Base */ = {isa = PBXFileReference; lastKnownFileType = file.storyboard; name = Base; path = Base.lproj/Socks5.storyboard; sourceTree = "<group>"; };
		D6CE901A20E8A37B00209AF0 /* Base */ = {isa = PBXFileReference; lastKnownFileType = file.storyboard; name = Base; path = Base.lproj/Shadowsocks.storyboard; sourceTree = "<group>"; };
		D6CE901E20E8A50F00209AF0 /* EncryptionViewController.swift */ = {isa = PBXFileReference; lastKnownFileType = sourcecode.swift; path = EncryptionViewController.swift; sourceTree = "<group>"; };
		D6CE902320E8C02F00209AF0 /* ProxyManager.swift */ = {isa = PBXFileReference; lastKnownFileType = sourcecode.swift; path = ProxyManager.swift; sourceTree = "<group>"; };
		D6CE902520E8C9BD00209AF0 /* LeiterManager.swift */ = {isa = PBXFileReference; lastKnownFileType = sourcecode.swift; path = LeiterManager.swift; sourceTree = "<group>"; };
		D6CE902820E8CE5B00209AF0 /* BaseModel.swift */ = {isa = PBXFileReference; lastKnownFileType = sourcecode.swift; path = BaseModel.swift; sourceTree = "<group>"; };
		D6CE902A20E8D32F00209AF0 /* DatabaseManager.swift */ = {isa = PBXFileReference; lastKnownFileType = sourcecode.swift; path = DatabaseManager.swift; sourceTree = "<group>"; };
		D6D79C6320F2348E002B06AE /* TextFieldCell.swift */ = {isa = PBXFileReference; lastKnownFileType = sourcecode.swift; path = TextFieldCell.swift; sourceTree = "<group>"; };
		D6D79C6520F234A1002B06AE /* SwitchCell.swift */ = {isa = PBXFileReference; lastKnownFileType = sourcecode.swift; path = SwitchCell.swift; sourceTree = "<group>"; };
		D6D79C6720F23608002B06AE /* UIFontExtension.swift */ = {isa = PBXFileReference; lastKnownFileType = sourcecode.swift; path = UIFontExtension.swift; sourceTree = "<group>"; };
		D6D79C6A20F2446A002B06AE /* Base */ = {isa = PBXFileReference; lastKnownFileType = file.storyboard; name = Base; path = Base.lproj/Http.storyboard; sourceTree = "<group>"; };
		D843F3F0D662940EAA5827B6 /* Pods-Leiter.debug.xcconfig */ = {isa = PBXFileReference; includeInIndex = 1; lastKnownFileType = text.xcconfig; name = "Pods-Leiter.debug.xcconfig"; path = "Pods/Target Support Files/Pods-Leiter/Pods-Leiter.debug.xcconfig"; sourceTree = "<group>"; };
		E4DCA76CEDF8233A0080FCB4 /* Pods_NEWidget.framework */ = {isa = PBXFileReference; explicitFileType = wrapper.framework; includeInIndex = 0; path = Pods_NEWidget.framework; sourceTree = BUILT_PRODUCTS_DIR; };
		E72CCAC99F60C885EF347891 /* Pods-Leiter.release.xcconfig */ = {isa = PBXFileReference; includeInIndex = 1; lastKnownFileType = text.xcconfig; name = "Pods-Leiter.release.xcconfig"; path = "Pods/Target Support Files/Pods-Leiter/Pods-Leiter.release.xcconfig"; sourceTree = "<group>"; };
		F27AB17D9324E2050713E466 /* Pods_TodayWidget.framework */ = {isa = PBXFileReference; explicitFileType = wrapper.framework; includeInIndex = 0; path = Pods_TodayWidget.framework; sourceTree = BUILT_PRODUCTS_DIR; };
/* End PBXFileReference section */

/* Begin PBXFrameworksBuildPhase section */
		D6741A5120E75B8A00C6AFFA /* Frameworks */ = {
			isa = PBXFrameworksBuildPhase;
			buildActionMask = 2147483647;
			files = (
				D655D60A20E77FF900FC22A3 /* lwip.framework in Frameworks */,
				D655D60620E77FF900FC22A3 /* Yaml.framework in Frameworks */,
				D655D60B20E77FF900FC22A3 /* CocoaAsyncSocket.framework in Frameworks */,
				D655D60720E77FF900FC22A3 /* Sodium.framework in Frameworks */,
				D655D60C20E77FF900FC22A3 /* MMDB.framework in Frameworks */,
				DCFA865615B527014DE39EF8 /* Pods_Leiter.framework in Frameworks */,
				D655D60420E77FF900FC22A3 /* NEKit.framework in Frameworks */,
				D655D60920E77FF900FC22A3 /* CocoaLumberjackSwift.framework in Frameworks */,
				D655D60820E77FF900FC22A3 /* Resolver.framework in Frameworks */,
				D6741A8B20E7662900C6AFFA /* NetworkExtension.framework in Frameworks */,
				D655D60D20E77FF900FC22A3 /* CocoaLumberjack.framework in Frameworks */,
				D655D60520E77FF900FC22A3 /* tun2socks.framework in Frameworks */,
			);
			runOnlyForDeploymentPostprocessing = 0;
		};
		D6741A8D20E778B200C6AFFA /* Frameworks */ = {
			isa = PBXFrameworksBuildPhase;
			buildActionMask = 2147483647;
			files = (
				D6741A9C20E778BC00C6AFFA /* NetworkExtension.framework in Frameworks */,
				D60DADE620EBB1FD00DE39F1 /* CocoaAsyncSocket.framework in Frameworks */,
				D60DADE720EBB1FD00DE39F1 /* CocoaLumberjack.framework in Frameworks */,
				D60DADE820EBB1FD00DE39F1 /* CocoaLumberjackSwift.framework in Frameworks */,
				D60DADE920EBB1FD00DE39F1 /* lwip.framework in Frameworks */,
				D60DADEA20EBB1FD00DE39F1 /* MMDB.framework in Frameworks */,
				D60DADEB20EBB1FD00DE39F1 /* NEKit.framework in Frameworks */,
				D60DADEC20EBB1FD00DE39F1 /* Resolver.framework in Frameworks */,
				D60DADED20EBB1FD00DE39F1 /* Sodium.framework in Frameworks */,
				D60DADEE20EBB1FD00DE39F1 /* tun2socks.framework in Frameworks */,
				D60DADEF20EBB1FD00DE39F1 /* Yaml.framework in Frameworks */,
				374334B108050CE3C4385AF6 /* Pods_NEWidget.framework in Frameworks */,
			);
			runOnlyForDeploymentPostprocessing = 0;
		};
/* End PBXFrameworksBuildPhase section */

/* Begin PBXGroup section */
		8708EA1F4EED644A7BB3E873 /* Pods */ = {
			isa = PBXGroup;
			children = (
				D843F3F0D662940EAA5827B6 /* Pods-Leiter.debug.xcconfig */,
				E72CCAC99F60C885EF347891 /* Pods-Leiter.release.xcconfig */,
				668652A098DA44C25D7996D5 /* Pods-TodayWidget.debug.xcconfig */,
				4329204FECF3A825B54DF91D /* Pods-TodayWidget.release.xcconfig */,
				90193D5FEAA10ADFF40AFB3D /* Pods-NEWidget.debug.xcconfig */,
				9F218691A7BDA42A2E764B39 /* Pods-NEWidget.release.xcconfig */,
			);
			name = Pods;
			sourceTree = "<group>";
		};
		D60DADF420EBCB2000DE39F1 /* RuleResource */ = {
			isa = PBXGroup;
			children = (
				D60DADF920EBCB5A00DE39F1 /* config.template.http.all.yaml */,
				D60DADF820EBCB5A00DE39F1 /* config.template.http.general.yaml */,
				D60DADF620EBCB5A00DE39F1 /* config.template.socks5.all.yaml */,
				D60DADF520EBCB5A00DE39F1 /* config.template.socks5.general.yaml */,
				D60DADF720EBCB5A00DE39F1 /* config.template.ss.all.yaml */,
				D60DADFA20EBCB5A00DE39F1 /* config.template.ss.general.yaml */,
			);
			path = RuleResource;
			sourceTree = "<group>";
		};
		D655D60F20E7836300FC22A3 /* Manager */ = {
			isa = PBXGroup;
			children = (
				D6CE902520E8C9BD00209AF0 /* LeiterManager.swift */,
				D655D61020E7838400FC22A3 /* ConfigManager.swift */,
				D655D61220E784C100FC22A3 /* TrackerManager.swift */,
				D6CE902A20E8D32F00209AF0 /* DatabaseManager.swift */,
				D60DADF020EBBCFB00DE39F1 /* VPNManager.swift */,
			);
			path = Manager;
			sourceTree = "<group>";
		};
		D655D61720E7893100FC22A3 /* Home */ = {
			isa = PBXGroup;
			children = (
				D6741A5920E75B8A00C6AFFA /* HomeViewController.swift */,
				D6CE8FF120E7CB8C00209AF0 /* HomeViewModel.swift */,
				D661CD7F20ED0FEC00466830 /* ProxyViewCell.swift */,
			);
			path = Home;
			sourceTree = "<group>";
		};
		D655D61820E7893C00FC22A3 /* Storyboard */ = {
			isa = PBXGroup;
			children = (
				D6741A5B20E75B8A00C6AFFA /* Main.storyboard */,
				D6D79C6920F2446A002B06AE /* Http.storyboard */,
				D6CE901720E8A37B00209AF0 /* Socks5.storyboard */,
				D6CE901920E8A37B00209AF0 /* Shadowsocks.storyboard */,
			);
			name = Storyboard;
			sourceTree = "<group>";
		};
		D6741A4B20E75B8A00C6AFFA = {
			isa = PBXGroup;
			children = (
				D6741A5620E75B8A00C6AFFA /* Leiter */,
				D6741A9120E778B200C6AFFA /* NEWidget */,
				D6741A6F20E75BEB00C6AFFA /* Frameworks */,
				D6741A5520E75B8A00C6AFFA /* Products */,
				8708EA1F4EED644A7BB3E873 /* Pods */,
			);
			sourceTree = "<group>";
		};
		D6741A5520E75B8A00C6AFFA /* Products */ = {
			isa = PBXGroup;
			children = (
				D6741A5420E75B8A00C6AFFA /* Leiter.app */,
				D6741A9020E778B200C6AFFA /* NEWidget.appex */,
			);
			name = Products;
			sourceTree = "<group>";
		};
		D6741A5620E75B8A00C6AFFA /* Leiter */ = {
			isa = PBXGroup;
			children = (
				D6741A5720E75B8A00C6AFFA /* AppDelegate.swift */,
				D6CE8FEC20E7BAB700209AF0 /* Common */,
				D655D60F20E7836300FC22A3 /* Manager */,
				D6CE8FF320E7CBEC00209AF0 /* Model */,
				D6CE902720E8CAB500209AF0 /* Base */,
				D655D61720E7893100FC22A3 /* Home */,
				D6CE8FE720E7AADA00209AF0 /* Add */,
				D6CE900420E7DC1B00209AF0 /* Edit */,
				D6CE8FE620E7AAD000209AF0 /* About */,
				D655D61820E7893C00FC22A3 /* Storyboard */,
				D6741A6920E75B9A00C6AFFA /* Supporting Files */,
			);
			path = Leiter;
			sourceTree = "<group>";
		};
		D6741A6920E75B9A00C6AFFA /* Supporting Files */ = {
			isa = PBXGroup;
			children = (
				D60DADF420EBCB2000DE39F1 /* RuleResource */,
				D6CE8FEA20E7B95800209AF0 /* Pods-Leiter-acknowledgements.plist */,
				D6741A8020E75C2C00C6AFFA /* Leiter.entitlements */,
				D6741A5E20E75B8B00C6AFFA /* Assets.xcassets */,
				D6741A6020E75B8B00C6AFFA /* LaunchScreen.storyboard */,
				D6741A6320E75B8B00C6AFFA /* Info.plist */,
			);
			name = "Supporting Files";
			sourceTree = "<group>";
		};
		D6741A6F20E75BEB00C6AFFA /* Frameworks */ = {
			isa = PBXGroup;
			children = (
				D655D60120E77FF900FC22A3 /* CocoaAsyncSocket.framework */,
				D655D60320E77FF900FC22A3 /* CocoaLumberjack.framework */,
				D655D5FF20E77FF900FC22A3 /* CocoaLumberjackSwift.framework */,
				D655D60020E77FF900FC22A3 /* lwip.framework */,
				D655D60220E77FF900FC22A3 /* MMDB.framework */,
				D655D5FA20E77FF900FC22A3 /* NEKit.framework */,
				D655D5FE20E77FF900FC22A3 /* Resolver.framework */,
				D655D5FD20E77FF900FC22A3 /* Sodium.framework */,
				D655D5FB20E77FF900FC22A3 /* tun2socks.framework */,
				D655D5FC20E77FF900FC22A3 /* Yaml.framework */,
				D6741A8A20E7662900C6AFFA /* NetworkExtension.framework */,
				D6741A7020E75BEB00C6AFFA /* NotificationCenter.framework */,
				B88CF410450E8D58D1B7D86D /* Pods_Leiter.framework */,
				F27AB17D9324E2050713E466 /* Pods_TodayWidget.framework */,
				E4DCA76CEDF8233A0080FCB4 /* Pods_NEWidget.framework */,
			);
			name = Frameworks;
			sourceTree = "<group>";
		};
		D6741A9120E778B200C6AFFA /* NEWidget */ = {
			isa = PBXGroup;
			children = (
				D6741A9220E778B200C6AFFA /* PacketTunnelProvider.swift */,
				D688AC6720EE5A0800A49AD5 /* ConfigParser */,
				D6741A9D20E778FD00C6AFFA /* Supporting Files */,
			);
			path = NEWidget;
			sourceTree = "<group>";
		};
		D6741A9D20E778FD00C6AFFA /* Supporting Files */ = {
			isa = PBXGroup;
			children = (
				D6741A9520E778B200C6AFFA /* NEWidget.entitlements */,
				D6741A9420E778B200C6AFFA /* Info.plist */,
			);
			name = "Supporting Files";
			sourceTree = "<group>";
		};
		D688AC6720EE5A0800A49AD5 /* ConfigParser */ = {
			isa = PBXGroup;
			children = (
				D688ACE520EE6F9300A49AD5 /* AdapterFactoryParser.swift */,
				D688AC6820EE5A5400A49AD5 /* ConfigParserHelper.swift */,
				D688ACE420EE6F9300A49AD5 /* RuleParser.swift */,
			);
			path = ConfigParser;
			sourceTree = "<group>";
		};
		D6CE8FE620E7AAD000209AF0 /* About */ = {
			isa = PBXGroup;
			children = (
				D6CE8FE020E7AA4800209AF0 /* AboutViewController.swift */,
			);
			path = About;
			sourceTree = "<group>";
		};
		D6CE8FE720E7AADA00209AF0 /* Add */ = {
			isa = PBXGroup;
			children = (
				D6CE900920E7DC7300209AF0 /* ScanQRViewController.swift */,
				D6CE8FE220E7AA6500209AF0 /* ProxyModeViewController.swift */,
				D6CE901E20E8A50F00209AF0 /* EncryptionViewController.swift */,
			);
			path = Add;
			sourceTree = "<group>";
		};
		D6CE8FEC20E7BAB700209AF0 /* Common */ = {
			isa = PBXGroup;
			children = (
				D6CE8FED20E7BAC900209AF0 /* Constant.swift */,
				D6D79C6720F23608002B06AE /* UIFontExtension.swift */,
			);
			path = Common;
			sourceTree = "<group>";
		};
		D6CE8FF320E7CBEC00209AF0 /* Model */ = {
			isa = PBXGroup;
			children = (
				D6CE902820E8CE5B00209AF0 /* BaseModel.swift */,
				D6CE8FF420E7CC4C00209AF0 /* Proxy.swift */,
				D6CE902220E8C00F00209AF0 /* Manager */,
			);
			path = Model;
			sourceTree = "<group>";
		};
		D6CE900420E7DC1B00209AF0 /* Edit */ = {
			isa = PBXGroup;
			children = (
				D6D79C6220F2346F002B06AE /* Cell */,
				D6CE900520E7DC4900209AF0 /* EditHttpViewController.swift */,
				D6CE8FE420E7AAAE00209AF0 /* EditSocks5ViewController.swift */,
				D6CE900720E7DC5D00209AF0 /* EditSSViewController.swift */,
			);
			path = Edit;
			sourceTree = "<group>";
		};
		D6CE902220E8C00F00209AF0 /* Manager */ = {
			isa = PBXGroup;
			children = (
				D6CE902320E8C02F00209AF0 /* ProxyManager.swift */,
			);
			path = Manager;
			sourceTree = "<group>";
		};
		D6CE902720E8CAB500209AF0 /* Base */ = {
			isa = PBXGroup;
			children = (
				D6CE900B20E8767900209AF0 /* BaseNavigationController.swift */,
			);
			path = Base;
			sourceTree = "<group>";
		};
		D6D79C6220F2346F002B06AE /* Cell */ = {
			isa = PBXGroup;
			children = (
				D6D79C6320F2348E002B06AE /* TextFieldCell.swift */,
				D6D79C6520F234A1002B06AE /* SwitchCell.swift */,
			);
			path = Cell;
			sourceTree = "<group>";
		};
/* End PBXGroup section */

/* Begin PBXNativeTarget section */
		D6741A5320E75B8A00C6AFFA /* Leiter */ = {
			isa = PBXNativeTarget;
			buildConfigurationList = D6741A6620E75B8B00C6AFFA /* Build configuration list for PBXNativeTarget "Leiter" */;
			buildPhases = (
				B7F1F78F82A00B158085AB05 /* [CP] Check Pods Manifest.lock */,
				D6741A5020E75B8A00C6AFFA /* Sources */,
				D6741A5120E75B8A00C6AFFA /* Frameworks */,
				D6741A5220E75B8A00C6AFFA /* Resources */,
				D6741A7F20E75BEB00C6AFFA /* Embed App Extensions */,
				C667ED54732A5E683E45F81F /* [CP] Embed Pods Frameworks */,
				D655D60E20E7802B00FC22A3 /* Carthage */,
				D655D61620E7881300FC22A3 /* Fabric */,
			);
			buildRules = (
			);
			dependencies = (
				D6741A9720E778B200C6AFFA /* PBXTargetDependency */,
			);
			name = Leiter;
			productName = Leiter;
			productReference = D6741A5420E75B8A00C6AFFA /* Leiter.app */;
			productType = "com.apple.product-type.application";
		};
		D6741A8F20E778B200C6AFFA /* NEWidget */ = {
			isa = PBXNativeTarget;
			buildConfigurationList = D6741A9920E778B200C6AFFA /* Build configuration list for PBXNativeTarget "NEWidget" */;
			buildPhases = (
				1186B8130D4FDD8D2EE667B2 /* [CP] Check Pods Manifest.lock */,
				D6741A8C20E778B200C6AFFA /* Sources */,
				D6741A8D20E778B200C6AFFA /* Frameworks */,
				D6741A8E20E778B200C6AFFA /* Resources */,
			);
			buildRules = (
			);
			dependencies = (
			);
			name = NEWidget;
			productName = NEWidget;
			productReference = D6741A9020E778B200C6AFFA /* NEWidget.appex */;
			productType = "com.apple.product-type.app-extension";
		};
/* End PBXNativeTarget section */

/* Begin PBXProject section */
		D6741A4C20E75B8A00C6AFFA /* Project object */ = {
			isa = PBXProject;
			attributes = {
				LastSwiftUpdateCheck = 1000;
				LastUpgradeCheck = 1000;
				ORGANIZATIONNAME = Tuluobo;
				TargetAttributes = {
					D6741A5320E75B8A00C6AFFA = {
						CreatedOnToolsVersion = 10.0;
						SystemCapabilities = {
							com.apple.ApplicationGroups.iOS = {
								enabled = 1;
							};
							com.apple.NetworkExtensions.iOS = {
								enabled = 1;
							};
							com.apple.VPNLite = {
								enabled = 1;
							};
						};
					};
					D6741A8F20E778B200C6AFFA = {
						CreatedOnToolsVersion = 10.0;
						SystemCapabilities = {
							com.apple.ApplicationGroups.iOS = {
								enabled = 1;
							};
							com.apple.NetworkExtensions.iOS = {
								enabled = 1;
							};
							com.apple.VPNLite = {
								enabled = 1;
							};
						};
					};
				};
			};
			buildConfigurationList = D6741A4F20E75B8A00C6AFFA /* Build configuration list for PBXProject "Leiter" */;
			compatibilityVersion = "Xcode 9.3";
			developmentRegion = en;
			hasScannedForEncodings = 0;
			knownRegions = (
				en,
				Base,
			);
			mainGroup = D6741A4B20E75B8A00C6AFFA;
			productRefGroup = D6741A5520E75B8A00C6AFFA /* Products */;
			projectDirPath = "";
			projectRoot = "";
			targets = (
				D6741A5320E75B8A00C6AFFA /* Leiter */,
				D6741A8F20E778B200C6AFFA /* NEWidget */,
			);
		};
/* End PBXProject section */

/* Begin PBXResourcesBuildPhase section */
		D6741A5220E75B8A00C6AFFA /* Resources */ = {
			isa = PBXResourcesBuildPhase;
			buildActionMask = 2147483647;
			files = (
				D6CE8FEB20E7B95900209AF0 /* Pods-Leiter-acknowledgements.plist in Resources */,
				D6741A6220E75B8B00C6AFFA /* LaunchScreen.storyboard in Resources */,
				D60DAE0620EBCB5B00DE39F1 /* config.template.ss.general.yaml in Resources */,
				D6CE901C20E8A37B00209AF0 /* Socks5.storyboard in Resources */,
				D6D79C6B20F2446B002B06AE /* Http.storyboard in Resources */,
				D6741A5F20E75B8B00C6AFFA /* Assets.xcassets in Resources */,
				D60DAE0020EBCB5B00DE39F1 /* config.template.ss.all.yaml in Resources */,
				D6CE901D20E8A37B00209AF0 /* Shadowsocks.storyboard in Resources */,
				D60DAE0420EBCB5B00DE39F1 /* config.template.http.all.yaml in Resources */,
				D60DAE0220EBCB5B00DE39F1 /* config.template.http.general.yaml in Resources */,
				D60DADFC20EBCB5B00DE39F1 /* config.template.socks5.general.yaml in Resources */,
				D60DADFE20EBCB5B00DE39F1 /* config.template.socks5.all.yaml in Resources */,
				D6741A5D20E75B8A00C6AFFA /* Main.storyboard in Resources */,
			);
			runOnlyForDeploymentPostprocessing = 0;
		};
		D6741A8E20E778B200C6AFFA /* Resources */ = {
			isa = PBXResourcesBuildPhase;
			buildActionMask = 2147483647;
			files = (
			);
			runOnlyForDeploymentPostprocessing = 0;
		};
/* End PBXResourcesBuildPhase section */

/* Begin PBXShellScriptBuildPhase section */
		1186B8130D4FDD8D2EE667B2 /* [CP] Check Pods Manifest.lock */ = {
			isa = PBXShellScriptBuildPhase;
			buildActionMask = 2147483647;
			files = (
			);
			inputPaths = (
				"${PODS_PODFILE_DIR_PATH}/Podfile.lock",
				"${PODS_ROOT}/Manifest.lock",
			);
			name = "[CP] Check Pods Manifest.lock";
			outputPaths = (
				"$(DERIVED_FILE_DIR)/Pods-NEWidget-checkManifestLockResult.txt",
			);
			runOnlyForDeploymentPostprocessing = 0;
			shellPath = /bin/sh;
			shellScript = "diff \"${PODS_PODFILE_DIR_PATH}/Podfile.lock\" \"${PODS_ROOT}/Manifest.lock\" > /dev/null\nif [ $? != 0 ] ; then\n    # print error to STDERR\n    echo \"error: The sandbox is not in sync with the Podfile.lock. Run 'pod install' or update your CocoaPods installation.\" >&2\n    exit 1\nfi\n# This output is used by Xcode 'outputs' to avoid re-running this script phase.\necho \"SUCCESS\" > \"${SCRIPT_OUTPUT_FILE_0}\"\n";
			showEnvVarsInLog = 0;
		};
		B7F1F78F82A00B158085AB05 /* [CP] Check Pods Manifest.lock */ = {
			isa = PBXShellScriptBuildPhase;
			buildActionMask = 2147483647;
			files = (
			);
			inputPaths = (
				"${PODS_PODFILE_DIR_PATH}/Podfile.lock",
				"${PODS_ROOT}/Manifest.lock",
			);
			name = "[CP] Check Pods Manifest.lock";
			outputPaths = (
				"$(DERIVED_FILE_DIR)/Pods-Leiter-checkManifestLockResult.txt",
			);
			runOnlyForDeploymentPostprocessing = 0;
			shellPath = /bin/sh;
			shellScript = "diff \"${PODS_PODFILE_DIR_PATH}/Podfile.lock\" \"${PODS_ROOT}/Manifest.lock\" > /dev/null\nif [ $? != 0 ] ; then\n    # print error to STDERR\n    echo \"error: The sandbox is not in sync with the Podfile.lock. Run 'pod install' or update your CocoaPods installation.\" >&2\n    exit 1\nfi\n# This output is used by Xcode 'outputs' to avoid re-running this script phase.\necho \"SUCCESS\" > \"${SCRIPT_OUTPUT_FILE_0}\"\n";
			showEnvVarsInLog = 0;
		};
		C667ED54732A5E683E45F81F /* [CP] Embed Pods Frameworks */ = {
			isa = PBXShellScriptBuildPhase;
			buildActionMask = 2147483647;
			files = (
			);
			inputPaths = (
				"${PODS_ROOT}/Target Support Files/Pods-Leiter/Pods-Leiter-frameworks.sh",
				"${BUILT_PRODUCTS_DIR}/Amplitude-iOS/Amplitude_iOS.framework",
				"${BUILT_PRODUCTS_DIR}/MJRefresh/MJRefresh.framework",
				"${BUILT_PRODUCTS_DIR}/ReactiveCocoa/ReactiveCocoa.framework",
				"${BUILT_PRODUCTS_DIR}/ReactiveSwift/ReactiveSwift.framework",
				"${BUILT_PRODUCTS_DIR}/Result/Result.framework",
				"${BUILT_PRODUCTS_DIR}/SGQRCode/SGQRCode.framework",
				"${BUILT_PRODUCTS_DIR}/SVProgressHUD/SVProgressHUD.framework",
				"${BUILT_PRODUCTS_DIR}/SnapKit/SnapKit.framework",
				"${BUILT_PRODUCTS_DIR}/VTAcknowledgementsViewController/VTAcknowledgementsViewController.framework",
				"${BUILT_PRODUCTS_DIR}/WCDB.swift/WCDBSwift.framework",
				"${BUILT_PRODUCTS_DIR}/ionicons/ionicons.framework",
			);
			name = "[CP] Embed Pods Frameworks";
			outputPaths = (
				"${TARGET_BUILD_DIR}/${FRAMEWORKS_FOLDER_PATH}/Amplitude_iOS.framework",
				"${TARGET_BUILD_DIR}/${FRAMEWORKS_FOLDER_PATH}/MJRefresh.framework",
				"${TARGET_BUILD_DIR}/${FRAMEWORKS_FOLDER_PATH}/ReactiveCocoa.framework",
				"${TARGET_BUILD_DIR}/${FRAMEWORKS_FOLDER_PATH}/ReactiveSwift.framework",
				"${TARGET_BUILD_DIR}/${FRAMEWORKS_FOLDER_PATH}/Result.framework",
				"${TARGET_BUILD_DIR}/${FRAMEWORKS_FOLDER_PATH}/SGQRCode.framework",
				"${TARGET_BUILD_DIR}/${FRAMEWORKS_FOLDER_PATH}/SVProgressHUD.framework",
				"${TARGET_BUILD_DIR}/${FRAMEWORKS_FOLDER_PATH}/SnapKit.framework",
				"${TARGET_BUILD_DIR}/${FRAMEWORKS_FOLDER_PATH}/VTAcknowledgementsViewController.framework",
				"${TARGET_BUILD_DIR}/${FRAMEWORKS_FOLDER_PATH}/WCDBSwift.framework",
				"${TARGET_BUILD_DIR}/${FRAMEWORKS_FOLDER_PATH}/ionicons.framework",
			);
			runOnlyForDeploymentPostprocessing = 0;
			shellPath = /bin/sh;
			shellScript = "\"${PODS_ROOT}/Target Support Files/Pods-Leiter/Pods-Leiter-frameworks.sh\"\n";
			showEnvVarsInLog = 0;
		};
		D655D60E20E7802B00FC22A3 /* Carthage */ = {
			isa = PBXShellScriptBuildPhase;
			buildActionMask = 2147483647;
			files = (
			);
			inputPaths = (
				"$(SRCROOT)/Carthage/Build/iOS/CocoaAsyncSocket.framework",
				"$(SRCROOT)/Carthage/Build/iOS/CocoaLumberjack.framework",
				"$(SRCROOT)/Carthage/Build/iOS/CocoaLumberjackSwift.framework",
				"$(SRCROOT)/Carthage/Build/iOS/lwip.framework",
				"$(SRCROOT)/Carthage/Build/iOS/MMDB.framework",
				"$(SRCROOT)/Carthage/Build/iOS/Resolver.framework",
				"$(SRCROOT)/Carthage/Build/iOS/Sodium.framework",
				"$(SRCROOT)/Carthage/Build/iOS/tun2socks.framework",
				"$(SRCROOT)/Carthage/Build/iOS/Yaml.framework",
				"$(SRCROOT)/Carthage/Build/iOS/NEKit.framework",
			);
			name = Carthage;
			outputPaths = (
				"$(BUILT_PRODUCTS_DIR)/$(FRAMEWORKS_FOLDER_PATH)/CocoaAsyncSocket.framework",
				"$(BUILT_PRODUCTS_DIR)/$(FRAMEWORKS_FOLDER_PATH)/CocoaLumberjack.framework",
				"$(BUILT_PRODUCTS_DIR)/$(FRAMEWORKS_FOLDER_PATH)/CocoaLumberjackSwift.framework",
				"$(BUILT_PRODUCTS_DIR)/$(FRAMEWORKS_FOLDER_PATH)/lwip.framework",
				"$(BUILT_PRODUCTS_DIR)/$(FRAMEWORKS_FOLDER_PATH)/MMDB.framework",
				"$(BUILT_PRODUCTS_DIR)/$(FRAMEWORKS_FOLDER_PATH)/Resolver.framework",
				"$(BUILT_PRODUCTS_DIR)/$(FRAMEWORKS_FOLDER_PATH)/Sodium.framework",
				"$(BUILT_PRODUCTS_DIR)/$(FRAMEWORKS_FOLDER_PATH)/tun2socks.framework",
				"$(BUILT_PRODUCTS_DIR)/$(FRAMEWORKS_FOLDER_PATH)/Yaml.framework",
				"$(BUILT_PRODUCTS_DIR)/$(FRAMEWORKS_FOLDER_PATH)/NEKit.framework",
			);
			runOnlyForDeploymentPostprocessing = 0;
			shellPath = /bin/sh;
			shellScript = "/usr/local/bin/carthage copy-frameworks";
		};
		D655D61620E7881300FC22A3 /* Fabric */ = {
			isa = PBXShellScriptBuildPhase;
			buildActionMask = 2147483647;
			files = (
			);
			inputPaths = (
			);
			name = Fabric;
			outputPaths = (
			);
			runOnlyForDeploymentPostprocessing = 0;
			shellPath = /bin/sh;
			shellScript = "\"${PODS_ROOT}/Fabric/run\" 3a3dfa17db782f437cb2650660b453c67f175651 925d90ed11f8cf2fcd4d5c08221dfb396f941d4504c0ad2e6fdfd5610d2a1d1a";
		};
/* End PBXShellScriptBuildPhase section */

/* Begin PBXSourcesBuildPhase section */
		D6741A5020E75B8A00C6AFFA /* Sources */ = {
			isa = PBXSourcesBuildPhase;
			buildActionMask = 2147483647;
			files = (
				D6CE902920E8CE5B00209AF0 /* BaseModel.swift in Sources */,
				D6CE900620E7DC4900209AF0 /* EditHttpViewController.swift in Sources */,
				D6CE8FE520E7AAAE00209AF0 /* EditSocks5ViewController.swift in Sources */,
				D6CE900A20E7DC7300209AF0 /* ScanQRViewController.swift in Sources */,
				D6741A5A20E75B8A00C6AFFA /* HomeViewController.swift in Sources */,
				D6CE8FE320E7AA6500209AF0 /* ProxyModeViewController.swift in Sources */,
				D6CE901F20E8A50F00209AF0 /* EncryptionViewController.swift in Sources */,
				D6CE8FE120E7AA4800209AF0 /* AboutViewController.swift in Sources */,
				D6CE902420E8C02F00209AF0 /* ProxyManager.swift in Sources */,
				D6741A5820E75B8A00C6AFFA /* AppDelegate.swift in Sources */,
				D6D79C6820F23608002B06AE /* UIFontExtension.swift in Sources */,
				D6CE900C20E8767900209AF0 /* BaseNavigationController.swift in Sources */,
				D6CE8FF520E7CC4C00209AF0 /* Proxy.swift in Sources */,
				D6CE8FEE20E7BAC900209AF0 /* Constant.swift in Sources */,
				D6D79C6420F2348E002B06AE /* TextFieldCell.swift in Sources */,
				D6CE8FF220E7CB8C00209AF0 /* HomeViewModel.swift in Sources */,
				D6D79C6620F234A1002B06AE /* SwitchCell.swift in Sources */,
				D6CE902B20E8D32F00209AF0 /* DatabaseManager.swift in Sources */,
				D661CD8020ED0FED00466830 /* ProxyViewCell.swift in Sources */,
				D60DADF120EBBCFB00DE39F1 /* VPNManager.swift in Sources */,
				D6CE902620E8C9BD00209AF0 /* LeiterManager.swift in Sources */,
				D655D61320E784C100FC22A3 /* TrackerManager.swift in Sources */,
				D655D61120E7838400FC22A3 /* ConfigManager.swift in Sources */,
				D6CE900820E7DC5D00209AF0 /* EditSSViewController.swift in Sources */,
			);
			runOnlyForDeploymentPostprocessing = 0;
		};
		D6741A8C20E778B200C6AFFA /* Sources */ = {
			isa = PBXSourcesBuildPhase;
			buildActionMask = 2147483647;
			files = (
				D688ACEE20EE733C00A49AD5 /* RuleParser.swift in Sources */,
				D688AC6920EE5A5400A49AD5 /* ConfigParserHelper.swift in Sources */,
				D688ACED20EE72F600A49AD5 /* AdapterFactoryParser.swift in Sources */,
				D6741A9320E778B200C6AFFA /* PacketTunnelProvider.swift in Sources */,
			);
			runOnlyForDeploymentPostprocessing = 0;
		};
/* End PBXSourcesBuildPhase section */

/* Begin PBXTargetDependency section */
		D6741A9720E778B200C6AFFA /* PBXTargetDependency */ = {
			isa = PBXTargetDependency;
			target = D6741A8F20E778B200C6AFFA /* NEWidget */;
			targetProxy = D6741A9620E778B200C6AFFA /* PBXContainerItemProxy */;
		};
/* End PBXTargetDependency section */

/* Begin PBXVariantGroup section */
		D6741A5B20E75B8A00C6AFFA /* Main.storyboard */ = {
			isa = PBXVariantGroup;
			children = (
				D6741A5C20E75B8A00C6AFFA /* Base */,
			);
			name = Main.storyboard;
			sourceTree = "<group>";
		};
		D6741A6020E75B8B00C6AFFA /* LaunchScreen.storyboard */ = {
			isa = PBXVariantGroup;
			children = (
				D6741A6120E75B8B00C6AFFA /* Base */,
			);
			name = LaunchScreen.storyboard;
			sourceTree = "<group>";
		};
		D6CE901720E8A37B00209AF0 /* Socks5.storyboard */ = {
			isa = PBXVariantGroup;
			children = (
				D6CE901820E8A37B00209AF0 /* Base */,
			);
			name = Socks5.storyboard;
			sourceTree = "<group>";
		};
		D6CE901920E8A37B00209AF0 /* Shadowsocks.storyboard */ = {
			isa = PBXVariantGroup;
			children = (
				D6CE901A20E8A37B00209AF0 /* Base */,
			);
			name = Shadowsocks.storyboard;
			sourceTree = "<group>";
		};
		D6D79C6920F2446A002B06AE /* Http.storyboard */ = {
			isa = PBXVariantGroup;
			children = (
				D6D79C6A20F2446A002B06AE /* Base */,
			);
			name = Http.storyboard;
			sourceTree = "<group>";
		};
/* End PBXVariantGroup section */

/* Begin XCBuildConfiguration section */
		D6741A6420E75B8B00C6AFFA /* Debug */ = {
			isa = XCBuildConfiguration;
			buildSettings = {
				ALWAYS_SEARCH_USER_PATHS = NO;
				CLANG_ANALYZER_NONNULL = YES;
				CLANG_ANALYZER_NUMBER_OBJECT_CONVERSION = YES_AGGRESSIVE;
				CLANG_CXX_LANGUAGE_STANDARD = "gnu++14";
				CLANG_CXX_LIBRARY = "libc++";
				CLANG_ENABLE_MODULES = YES;
				CLANG_ENABLE_OBJC_ARC = YES;
				CLANG_ENABLE_OBJC_WEAK = YES;
				CLANG_WARN_BLOCK_CAPTURE_AUTORELEASING = YES;
				CLANG_WARN_BOOL_CONVERSION = YES;
				CLANG_WARN_COMMA = YES;
				CLANG_WARN_CONSTANT_CONVERSION = YES;
				CLANG_WARN_DEPRECATED_OBJC_IMPLEMENTATIONS = YES;
				CLANG_WARN_DIRECT_OBJC_ISA_USAGE = YES_ERROR;
				CLANG_WARN_DOCUMENTATION_COMMENTS = YES;
				CLANG_WARN_EMPTY_BODY = YES;
				CLANG_WARN_ENUM_CONVERSION = YES;
				CLANG_WARN_INFINITE_RECURSION = YES;
				CLANG_WARN_INT_CONVERSION = YES;
				CLANG_WARN_NON_LITERAL_NULL_CONVERSION = YES;
				CLANG_WARN_OBJC_IMPLICIT_RETAIN_SELF = YES;
				CLANG_WARN_OBJC_LITERAL_CONVERSION = YES;
				CLANG_WARN_OBJC_ROOT_CLASS = YES_ERROR;
				CLANG_WARN_RANGE_LOOP_ANALYSIS = YES;
				CLANG_WARN_STRICT_PROTOTYPES = YES;
				CLANG_WARN_SUSPICIOUS_MOVE = YES;
				CLANG_WARN_UNGUARDED_AVAILABILITY = YES_AGGRESSIVE;
				CLANG_WARN_UNREACHABLE_CODE = YES;
				CLANG_WARN__DUPLICATE_METHOD_MATCH = YES;
				CODE_SIGN_IDENTITY = "iPhone Developer";
				COPY_PHASE_STRIP = NO;
				DEBUG_INFORMATION_FORMAT = dwarf;
				ENABLE_STRICT_OBJC_MSGSEND = YES;
				ENABLE_TESTABILITY = YES;
				GCC_C_LANGUAGE_STANDARD = gnu11;
				GCC_DYNAMIC_NO_PIC = NO;
				GCC_NO_COMMON_BLOCKS = YES;
				GCC_OPTIMIZATION_LEVEL = 0;
				GCC_PREPROCESSOR_DEFINITIONS = (
					"DEBUG=1",
					"$(inherited)",
				);
				GCC_WARN_64_TO_32_BIT_CONVERSION = YES;
				GCC_WARN_ABOUT_RETURN_TYPE = YES_ERROR;
				GCC_WARN_UNDECLARED_SELECTOR = YES;
				GCC_WARN_UNINITIALIZED_AUTOS = YES_AGGRESSIVE;
				GCC_WARN_UNUSED_FUNCTION = YES;
				GCC_WARN_UNUSED_VARIABLE = YES;
				IPHONEOS_DEPLOYMENT_TARGET = 9.3;
				MTL_ENABLE_DEBUG_INFO = INCLUDE_SOURCE;
				ONLY_ACTIVE_ARCH = YES;
				SDKROOT = iphoneos;
				SWIFT_ACTIVE_COMPILATION_CONDITIONS = DEBUG;
				SWIFT_OPTIMIZATION_LEVEL = "-Onone";
			};
			name = Debug;
		};
		D6741A6520E75B8B00C6AFFA /* Release */ = {
			isa = XCBuildConfiguration;
			buildSettings = {
				ALWAYS_SEARCH_USER_PATHS = NO;
				CLANG_ANALYZER_NONNULL = YES;
				CLANG_ANALYZER_NUMBER_OBJECT_CONVERSION = YES_AGGRESSIVE;
				CLANG_CXX_LANGUAGE_STANDARD = "gnu++14";
				CLANG_CXX_LIBRARY = "libc++";
				CLANG_ENABLE_MODULES = YES;
				CLANG_ENABLE_OBJC_ARC = YES;
				CLANG_ENABLE_OBJC_WEAK = YES;
				CLANG_WARN_BLOCK_CAPTURE_AUTORELEASING = YES;
				CLANG_WARN_BOOL_CONVERSION = YES;
				CLANG_WARN_COMMA = YES;
				CLANG_WARN_CONSTANT_CONVERSION = YES;
				CLANG_WARN_DEPRECATED_OBJC_IMPLEMENTATIONS = YES;
				CLANG_WARN_DIRECT_OBJC_ISA_USAGE = YES_ERROR;
				CLANG_WARN_DOCUMENTATION_COMMENTS = YES;
				CLANG_WARN_EMPTY_BODY = YES;
				CLANG_WARN_ENUM_CONVERSION = YES;
				CLANG_WARN_INFINITE_RECURSION = YES;
				CLANG_WARN_INT_CONVERSION = YES;
				CLANG_WARN_NON_LITERAL_NULL_CONVERSION = YES;
				CLANG_WARN_OBJC_IMPLICIT_RETAIN_SELF = YES;
				CLANG_WARN_OBJC_LITERAL_CONVERSION = YES;
				CLANG_WARN_OBJC_ROOT_CLASS = YES_ERROR;
				CLANG_WARN_RANGE_LOOP_ANALYSIS = YES;
				CLANG_WARN_STRICT_PROTOTYPES = YES;
				CLANG_WARN_SUSPICIOUS_MOVE = YES;
				CLANG_WARN_UNGUARDED_AVAILABILITY = YES_AGGRESSIVE;
				CLANG_WARN_UNREACHABLE_CODE = YES;
				CLANG_WARN__DUPLICATE_METHOD_MATCH = YES;
				CODE_SIGN_IDENTITY = "iPhone Developer";
				COPY_PHASE_STRIP = NO;
				DEBUG_INFORMATION_FORMAT = "dwarf-with-dsym";
				ENABLE_NS_ASSERTIONS = NO;
				ENABLE_STRICT_OBJC_MSGSEND = YES;
				GCC_C_LANGUAGE_STANDARD = gnu11;
				GCC_NO_COMMON_BLOCKS = YES;
				GCC_WARN_64_TO_32_BIT_CONVERSION = YES;
				GCC_WARN_ABOUT_RETURN_TYPE = YES_ERROR;
				GCC_WARN_UNDECLARED_SELECTOR = YES;
				GCC_WARN_UNINITIALIZED_AUTOS = YES_AGGRESSIVE;
				GCC_WARN_UNUSED_FUNCTION = YES;
				GCC_WARN_UNUSED_VARIABLE = YES;
				IPHONEOS_DEPLOYMENT_TARGET = 9.3;
				MTL_ENABLE_DEBUG_INFO = NO;
				SDKROOT = iphoneos;
				SWIFT_COMPILATION_MODE = wholemodule;
				SWIFT_OPTIMIZATION_LEVEL = "-O";
				VALIDATE_PRODUCT = YES;
			};
			name = Release;
		};
		D6741A6720E75B8B00C6AFFA /* Debug */ = {
			isa = XCBuildConfiguration;
			baseConfigurationReference = D843F3F0D662940EAA5827B6 /* Pods-Leiter.debug.xcconfig */;
			buildSettings = {
				ALWAYS_EMBED_SWIFT_STANDARD_LIBRARIES = YES;
				ASSETCATALOG_COMPILER_APPICON_NAME = AppIcon;
				CODE_SIGN_ENTITLEMENTS = Leiter/Leiter.entitlements;
				CODE_SIGN_STYLE = Automatic;
				DEVELOPMENT_TEAM = 4QRC4C5SWY;
				FRAMEWORK_SEARCH_PATHS = (
					"$(inherited)",
					"$(PROJECT_DIR)/Carthage/Build/iOS",
				);
				INFOPLIST_FILE = Leiter/Info.plist;
				LD_RUNPATH_SEARCH_PATHS = (
					"$(inherited)",
					"@executable_path/Frameworks",
				);
				PRODUCT_BUNDLE_IDENTIFIER = com.tuluobo.Leiter;
				PRODUCT_NAME = "$(TARGET_NAME)";
				SWIFT_VERSION = 4.0;
				TARGETED_DEVICE_FAMILY = "1,2";
			};
			name = Debug;
		};
		D6741A6820E75B8B00C6AFFA /* Release */ = {
			isa = XCBuildConfiguration;
			baseConfigurationReference = E72CCAC99F60C885EF347891 /* Pods-Leiter.release.xcconfig */;
			buildSettings = {
				ALWAYS_EMBED_SWIFT_STANDARD_LIBRARIES = YES;
				ASSETCATALOG_COMPILER_APPICON_NAME = AppIcon;
				CODE_SIGN_ENTITLEMENTS = Leiter/Leiter.entitlements;
				CODE_SIGN_STYLE = Automatic;
				DEVELOPMENT_TEAM = 4QRC4C5SWY;
				FRAMEWORK_SEARCH_PATHS = (
					"$(inherited)",
					"$(PROJECT_DIR)/Carthage/Build/iOS",
				);
				INFOPLIST_FILE = Leiter/Info.plist;
				LD_RUNPATH_SEARCH_PATHS = (
					"$(inherited)",
					"@executable_path/Frameworks",
				);
				PRODUCT_BUNDLE_IDENTIFIER = com.tuluobo.Leiter;
				PRODUCT_NAME = "$(TARGET_NAME)";
				SWIFT_VERSION = 4.0;
				TARGETED_DEVICE_FAMILY = "1,2";
			};
			name = Release;
		};
		D6741A9A20E778B200C6AFFA /* Debug */ = {
			isa = XCBuildConfiguration;
			baseConfigurationReference = 90193D5FEAA10ADFF40AFB3D /* Pods-NEWidget.debug.xcconfig */;
			buildSettings = {
				CODE_SIGN_ENTITLEMENTS = NEWidget/NEWidget.entitlements;
				CODE_SIGN_STYLE = Automatic;
				DEVELOPMENT_TEAM = 4QRC4C5SWY;
				FRAMEWORK_SEARCH_PATHS = (
					"$(inherited)",
					"$(PROJECT_DIR)/Carthage/Build/iOS",
				);
				INFOPLIST_FILE = NEWidget/Info.plist;
				LD_RUNPATH_SEARCH_PATHS = (
					"$(inherited)",
					"@executable_path/Frameworks",
					"@executable_path/../../Frameworks",
				);
				PRODUCT_BUNDLE_IDENTIFIER = com.tuluobo.Leiter.NEWidget;
				PRODUCT_NAME = "$(TARGET_NAME)";
				SKIP_INSTALL = YES;
				SWIFT_VERSION = 4.0;
				TARGETED_DEVICE_FAMILY = "1,2";
			};
			name = Debug;
		};
		D6741A9B20E778B200C6AFFA /* Release */ = {
			isa = XCBuildConfiguration;
			baseConfigurationReference = 9F218691A7BDA42A2E764B39 /* Pods-NEWidget.release.xcconfig */;
			buildSettings = {
				CODE_SIGN_ENTITLEMENTS = NEWidget/NEWidget.entitlements;
				CODE_SIGN_STYLE = Automatic;
				DEVELOPMENT_TEAM = 4QRC4C5SWY;
				FRAMEWORK_SEARCH_PATHS = (
					"$(inherited)",
					"$(PROJECT_DIR)/Carthage/Build/iOS",
				);
				INFOPLIST_FILE = NEWidget/Info.plist;
				LD_RUNPATH_SEARCH_PATHS = (
					"$(inherited)",
					"@executable_path/Frameworks",
					"@executable_path/../../Frameworks",
				);
				PRODUCT_BUNDLE_IDENTIFIER = com.tuluobo.Leiter.NEWidget;
				PRODUCT_NAME = "$(TARGET_NAME)";
				SKIP_INSTALL = YES;
				SWIFT_VERSION = 4.0;
				TARGETED_DEVICE_FAMILY = "1,2";
			};
			name = Release;
		};
/* End XCBuildConfiguration section */

/* Begin XCConfigurationList section */
		D6741A4F20E75B8A00C6AFFA /* Build configuration list for PBXProject "Leiter" */ = {
			isa = XCConfigurationList;
			buildConfigurations = (
				D6741A6420E75B8B00C6AFFA /* Debug */,
				D6741A6520E75B8B00C6AFFA /* Release */,
			);
			defaultConfigurationIsVisible = 0;
			defaultConfigurationName = Release;
		};
		D6741A6620E75B8B00C6AFFA /* Build configuration list for PBXNativeTarget "Leiter" */ = {
			isa = XCConfigurationList;
			buildConfigurations = (
				D6741A6720E75B8B00C6AFFA /* Debug */,
				D6741A6820E75B8B00C6AFFA /* Release */,
			);
			defaultConfigurationIsVisible = 0;
			defaultConfigurationName = Release;
		};
		D6741A9920E778B200C6AFFA /* Build configuration list for PBXNativeTarget "NEWidget" */ = {
			isa = XCConfigurationList;
			buildConfigurations = (
				D6741A9A20E778B200C6AFFA /* Debug */,
				D6741A9B20E778B200C6AFFA /* Release */,
			);
			defaultConfigurationIsVisible = 0;
			defaultConfigurationName = Release;
		};
/* End XCConfigurationList section */
	};
	rootObject = D6741A4C20E75B8A00C6AFFA /* Project object */;
}
