// !$*UTF8*$!
{
	archiveVersion = 1;
	classes = {
	};
	objectVersion = 50;
	objects = {

/* Begin PBXBuildFile section */
		D6741A5820E75B8A00C6AFFA /* AppDelegate.swift in Sources */ = {isa = PBXBuildFile; fileRef = D6741A5720E75B8A00C6AFFA /* AppDelegate.swift */; };
		D6741A5A20E75B8A00C6AFFA /* ViewController.swift in Sources */ = {isa = PBXBuildFile; fileRef = D6741A5920E75B8A00C6AFFA /* ViewController.swift */; };
		D6741A5D20E75B8A00C6AFFA /* Main.storyboard in Resources */ = {isa = PBXBuildFile; fileRef = D6741A5B20E75B8A00C6AFFA /* Main.storyboard */; };
		D6741A5F20E75B8B00C6AFFA /* Assets.xcassets in Resources */ = {isa = PBXBuildFile; fileRef = D6741A5E20E75B8B00C6AFFA /* Assets.xcassets */; };
		D6741A6220E75B8B00C6AFFA /* LaunchScreen.storyboard in Resources */ = {isa = PBXBuildFile; fileRef = D6741A6020E75B8B00C6AFFA /* LaunchScreen.storyboard */; };
/* End PBXBuildFile section */

/* Begin PBXFileReference section */
		D6741A5420E75B8A00C6AFFA /* Leiter.app */ = {isa = PBXFileReference; explicitFileType = wrapper.application; includeInIndex = 0; path = Leiter.app; sourceTree = BUILT_PRODUCTS_DIR; };
		D6741A5720E75B8A00C6AFFA /* AppDelegate.swift */ = {isa = PBXFileReference; lastKnownFileType = sourcecode.swift; path = AppDelegate.swift; sourceTree = "<group>"; };
		D6741A5920E75B8A00C6AFFA /* ViewController.swift */ = {isa = PBXFileReference; lastKnownFileType = sourcecode.swift; path = ViewController.swift; sourceTree = "<group>"; };
		D6741A5C20E75B8A00C6AFFA /* Base */ = {isa = PBXFileReference; lastKnownFileType = file.storyboard; name = Base; path = Base.lproj/Main.storyboard; sourceTree = "<group>"; };
		D6741A5E20E75B8B00C6AFFA /* Assets.xcassets */ = {isa = PBXFileReference; lastKnownFileType = folder.assetcatalog; path = Assets.xcassets; sourceTree = "<group>"; };
		D6741A6120E75B8B00C6AFFA /* Base */ = {isa = PBXFileReference; lastKnownFileType = file.storyboard; name = Base; path = Base.lproj/LaunchScreen.storyboard; sourceTree = "<group>"; };
		D6741A6320E75B8B00C6AFFA /* Info.plist */ = {isa = PBXFileReference; lastKnownFileType = text.plist.xml; path = Info.plist; sourceTree = "<group>"; };
/* End PBXFileReference section */

/* Begin PBXFrameworksBuildPhase section */
		D6741A5120E75B8A00C6AFFA /* Frameworks */ = {
			isa = PBXFrameworksBuildPhase;
			buildActionMask = 2147483647;
			files = (
			);
			runOnlyForDeploymentPostprocessing = 0;
		};
/* End PBXFrameworksBuildPhase section */

/* Begin PBXGroup section */
		D6741A4B20E75B8A00C6AFFA = {
			isa = PBXGroup;
			children = (
				D6741A5620E75B8A00C6AFFA /* Leiter */,
				D6741A5520E75B8A00C6AFFA /* Products */,
			);
			sourceTree = "<group>";
		};
		D6741A5520E75B8A00C6AFFA /* Products */ = {
			isa = PBXGroup;
			children = (
				D6741A5420E75B8A00C6AFFA /* Leiter.app */,
			);
			name = Products;
			sourceTree = "<group>";
		};
		D6741A5620E75B8A00C6AFFA /* Leiter */ = {
			isa = PBXGroup;
			children = (
				D6741A5720E75B8A00C6AFFA /* AppDelegate.swift */,
				D6741A5920E75B8A00C6AFFA /* ViewController.swift */,
				D6741A5B20E75B8A00C6AFFA /* Main.storyboard */,
				D6741A5E20E75B8B00C6AFFA /* Assets.xcassets */,
				D6741A6020E75B8B00C6AFFA /* LaunchScreen.storyboard */,
				D6741A6320E75B8B00C6AFFA /* Info.plist */,
			);
			path = Leiter;
			sourceTree = "<group>";
		};
/* End PBXGroup section */

/* Begin PBXNativeTarget section */
		D6741A5320E75B8A00C6AFFA /* Leiter */ = {
			isa = PBXNativeTarget;
			buildConfigurationList = D6741A6620E75B8B00C6AFFA /* Build configuration list for PBXNativeTarget "Leiter" */;
			buildPhases = (
				D6741A5020E75B8A00C6AFFA /* Sources */,
				D6741A5120E75B8A00C6AFFA /* Frameworks */,
				D6741A5220E75B8A00C6AFFA /* Resources */,
			);
			buildRules = (
			);
			dependencies = (
			);
			name = Leiter;
			productName = Leiter;
			productReference = D6741A5420E75B8A00C6AFFA /* Leiter.app */;
			productType = "com.apple.product-type.application";
		};
/* End PBXNativeTarget section */

/* Begin PBXProject section */
		D6741A4C20E75B8A00C6AFFA /* Project object */ = {
			isa = PBXProject;
			attributes = {
				LastSwiftUpdateCheck = 1000;
				LastUpgradeCheck = 1000;
				ORGANIZATIONNAME = Tuluobo;
				TargetAttributes = {
					D6741A5320E75B8A00C6AFFA = {
						CreatedOnToolsVersion = 10.0;
					};
				};
			};
			buildConfigurationList = D6741A4F20E75B8A00C6AFFA /* Build configuration list for PBXProject "Leiter" */;
			compatibilityVersion = "Xcode 9.3";
			developmentRegion = en;
			hasScannedForEncodings = 0;
			knownRegions = (
				en,
				Base,
			);
			mainGroup = D6741A4B20E75B8A00C6AFFA;
			productRefGroup = D6741A5520E75B8A00C6AFFA /* Products */;
			projectDirPath = "";
			projectRoot = "";
			targets = (
				D6741A5320E75B8A00C6AFFA /* Leiter */,
			);
		};
/* End PBXProject section */

/* Begin PBXResourcesBuildPhase section */
		D6741A5220E75B8A00C6AFFA /* Resources */ = {
			isa = PBXResourcesBuildPhase;
			buildActionMask = 2147483647;
			files = (
				D6741A6220E75B8B00C6AFFA /* LaunchScreen.storyboard in Resources */,
				D6741A5F20E75B8B00C6AFFA /* Assets.xcassets in Resources */,
				D6741A5D20E75B8A00C6AFFA /* Main.storyboard in Resources */,
			);
			runOnlyForDeploymentPostprocessing = 0;
		};
/* End PBXResourcesBuildPhase section */

/* Begin PBXSourcesBuildPhase section */
		D6741A5020E75B8A00C6AFFA /* Sources */ = {
			isa = PBXSourcesBuildPhase;
			buildActionMask = 2147483647;
			files = (
				D6741A5A20E75B8A00C6AFFA /* ViewController.swift in Sources */,
				D6741A5820E75B8A00C6AFFA /* AppDelegate.swift in Sources */,
			);
			runOnlyForDeploymentPostprocessing = 0;
		};
/* End PBXSourcesBuildPhase section */

/* Begin PBXVariantGroup section */
		D6741A5B20E75B8A00C6AFFA /* Main.storyboard */ = {
			isa = PBXVariantGroup;
			children = (
				D6741A5C20E75B8A00C6AFFA /* Base */,
			);
			name = Main.storyboard;
			sourceTree = "<group>";
		};
		D6741A6020E75B8B00C6AFFA /* LaunchScreen.storyboard */ = {
			isa = PBXVariantGroup;
			children = (
				D6741A6120E75B8B00C6AFFA /* Base */,
			);
			name = LaunchScreen.storyboard;
			sourceTree = "<group>";
		};
/* End PBXVariantGroup section */

/* Begin XCBuildConfiguration section */
		D6741A6420E75B8B00C6AFFA /* Debug */ = {
			isa = XCBuildConfiguration;
			buildSettings = {
				ALWAYS_SEARCH_USER_PATHS = NO;
				CLANG_ANALYZER_NONNULL = YES;
				CLANG_ANALYZER_NUMBER_OBJECT_CONVERSION = YES_AGGRESSIVE;
				CLANG_CXX_LANGUAGE_STANDARD = "gnu++14";
				CLANG_CXX_LIBRARY = "libc++";
				CLANG_ENABLE_MODULES = YES;
				CLANG_ENABLE_OBJC_ARC = YES;
				CLANG_ENABLE_OBJC_WEAK = YES;
				CLANG_WARN_BLOCK_CAPTURE_AUTORELEASING = YES;
				CLANG_WARN_BOOL_CONVERSION = YES;
				CLANG_WARN_COMMA = YES;
				CLANG_WARN_CONSTANT_CONVERSION = YES;
				CLANG_WARN_DEPRECATED_OBJC_IMPLEMENTATIONS = YES;
				CLANG_WARN_DIRECT_OBJC_ISA_USAGE = YES_ERROR;
				CLANG_WARN_DOCUMENTATION_COMMENTS = YES;
				CLANG_WARN_EMPTY_BODY = YES;
				CLANG_WARN_ENUM_CONVERSION = YES;
				CLANG_WARN_INFINITE_RECURSION = YES;
				CLANG_WARN_INT_CONVERSION = YES;
				CLANG_WARN_NON_LITERAL_NULL_CONVERSION = YES;
				CLANG_WARN_OBJC_IMPLICIT_RETAIN_SELF = YES;
				CLANG_WARN_OBJC_LITERAL_CONVERSION = YES;
				CLANG_WARN_OBJC_ROOT_CLASS = YES_ERROR;
				CLANG_WARN_RANGE_LOOP_ANALYSIS = YES;
				CLANG_WARN_STRICT_PROTOTYPES = YES;
				CLANG_WARN_SUSPICIOUS_MOVE = YES;
				CLANG_WARN_UNGUARDED_AVAILABILITY = YES_AGGRESSIVE;
				CLANG_WARN_UNREACHABLE_CODE = YES;
				CLANG_WARN__DUPLICATE_METHOD_MATCH = YES;
				CODE_SIGN_IDENTITY = "iPhone Developer";
				COPY_PHASE_STRIP = NO;
				DEBUG_INFORMATION_FORMAT = dwarf;
				ENABLE_STRICT_OBJC_MSGSEND = YES;
				ENABLE_TESTABILITY = YES;
				GCC_C_LANGUAGE_STANDARD = gnu11;
				GCC_DYNAMIC_NO_PIC = NO;
				GCC_NO_COMMON_BLOCKS = YES;
				GCC_OPTIMIZATION_LEVEL = 0;
				GCC_PREPROCESSOR_DEFINITIONS = (
					"DEBUG=1",
					"$(inherited)",
				);
				GCC_WARN_64_TO_32_BIT_CONVERSION = YES;
				GCC_WARN_ABOUT_RETURN_TYPE = YES_ERROR;
				GCC_WARN_UNDECLARED_SELECTOR = YES;
				GCC_WARN_UNINITIALIZED_AUTOS = YES_AGGRESSIVE;
				GCC_WARN_UNUSED_FUNCTION = YES;
				GCC_WARN_UNUSED_VARIABLE = YES;
				IPHONEOS_DEPLOYMENT_TARGET = 12.0;
				MTL_ENABLE_DEBUG_INFO = INCLUDE_SOURCE;
				ONLY_ACTIVE_ARCH = YES;
				SDKROOT = iphoneos;
				SWIFT_ACTIVE_COMPILATION_CONDITIONS = DEBUG;
				SWIFT_OPTIMIZATION_LEVEL = "-Onone";
			};
			name = Debug;
		};
		D6741A6520E75B8B00C6AFFA /* Release */ = {
			isa = XCBuildConfiguration;
			buildSettings = {
				ALWAYS_SEARCH_USER_PATHS = NO;
				CLANG_ANALYZER_NONNULL = YES;
				CLANG_ANALYZER_NUMBER_OBJECT_CONVERSION = YES_AGGRESSIVE;
				CLANG_CXX_LANGUAGE_STANDARD = "gnu++14";
				CLANG_CXX_LIBRARY = "libc++";
				CLANG_ENABLE_MODULES = YES;
				CLANG_ENABLE_OBJC_ARC = YES;
				CLANG_ENABLE_OBJC_WEAK = YES;
				CLANG_WARN_BLOCK_CAPTURE_AUTORELEASING = YES;
				CLANG_WARN_BOOL_CONVERSION = YES;
				CLANG_WARN_COMMA = YES;
				CLANG_WARN_CONSTANT_CONVERSION = YES;
				CLANG_WARN_DEPRECATED_OBJC_IMPLEMENTATIONS = YES;
				CLANG_WARN_DIRECT_OBJC_ISA_USAGE = YES_ERROR;
				CLANG_WARN_DOCUMENTATION_COMMENTS = YES;
				CLANG_WARN_EMPTY_BODY = YES;
				CLANG_WARN_ENUM_CONVERSION = YES;
				CLANG_WARN_INFINITE_RECURSION = YES;
				CLANG_WARN_INT_CONVERSION = YES;
				CLANG_WARN_NON_LITERAL_NULL_CONVERSION = YES;
				CLANG_WARN_OBJC_IMPLICIT_RETAIN_SELF = YES;
				CLANG_WARN_OBJC_LITERAL_CONVERSION = YES;
				CLANG_WARN_OBJC_ROOT_CLASS = YES_ERROR;
				CLANG_WARN_RANGE_LOOP_ANALYSIS = YES;
				CLANG_WARN_STRICT_PROTOTYPES = YES;
				CLANG_WARN_SUSPICIOUS_MOVE = YES;
				CLANG_WARN_UNGUARDED_AVAILABILITY = YES_AGGRESSIVE;
				CLANG_WARN_UNREACHABLE_CODE = YES;
				CLANG_WARN__DUPLICATE_METHOD_MATCH = YES;
				CODE_SIGN_IDENTITY = "iPhone Developer";
				COPY_PHASE_STRIP = NO;
				DEBUG_INFORMATION_FORMAT = "dwarf-with-dsym";
				ENABLE_NS_ASSERTIONS = NO;
				ENABLE_STRICT_OBJC_MSGSEND = YES;
				GCC_C_LANGUAGE_STANDARD = gnu11;
				GCC_NO_COMMON_BLOCKS = YES;
				GCC_WARN_64_TO_32_BIT_CONVERSION = YES;
				GCC_WARN_ABOUT_RETURN_TYPE = YES_ERROR;
				GCC_WARN_UNDECLARED_SELECTOR = YES;
				GCC_WARN_UNINITIALIZED_AUTOS = YES_AGGRESSIVE;
				GCC_WARN_UNUSED_FUNCTION = YES;
				GCC_WARN_UNUSED_VARIABLE = YES;
				IPHONEOS_DEPLOYMENT_TARGET = 12.0;
				MTL_ENABLE_DEBUG_INFO = NO;
				SDKROOT = iphoneos;
				SWIFT_COMPILATION_MODE = wholemodule;
				SWIFT_OPTIMIZATION_LEVEL = "-O";
				VALIDATE_PRODUCT = YES;
			};
			name = Release;
		};
		D6741A6720E75B8B00C6AFFA /* Debug */ = {
			isa = XCBuildConfiguration;
			buildSettings = {
				ASSETCATALOG_COMPILER_APPICON_NAME = AppIcon;
				CODE_SIGN_STYLE = Automatic;
				DEVELOPMENT_TEAM = 4QRC4C5SWY;
				INFOPLIST_FILE = Leiter/Info.plist;
				LD_RUNPATH_SEARCH_PATHS = (
					"$(inherited)",
					"@executable_path/Frameworks",
				);
				PRODUCT_BUNDLE_IDENTIFIER = com.tuluobo.Leiter;
				PRODUCT_NAME = "$(TARGET_NAME)";
				SWIFT_VERSION = 4.2;
				TARGETED_DEVICE_FAMILY = "1,2";
			};
			name = Debug;
		};
		D6741A6820E75B8B00C6AFFA /* Release */ = {
			isa = XCBuildConfiguration;
			buildSettings = {
				ASSETCATALOG_COMPILER_APPICON_NAME = AppIcon;
				CODE_SIGN_STYLE = Automatic;
				DEVELOPMENT_TEAM = 4QRC4C5SWY;
				INFOPLIST_FILE = Leiter/Info.plist;
				LD_RUNPATH_SEARCH_PATHS = (
					"$(inherited)",
					"@executable_path/Frameworks",
				);
				PRODUCT_BUNDLE_IDENTIFIER = com.tuluobo.Leiter;
				PRODUCT_NAME = "$(TARGET_NAME)";
				SWIFT_VERSION = 4.2;
				TARGETED_DEVICE_FAMILY = "1,2";
			};
			name = Release;
		};
/* End XCBuildConfiguration section */

/* Begin XCConfigurationList section */
		D6741A4F20E75B8A00C6AFFA /* Build configuration list for PBXProject "Leiter" */ = {
			isa = XCConfigurationList;
			buildConfigurations = (
				D6741A6420E75B8B00C6AFFA /* Debug */,
				D6741A6520E75B8B00C6AFFA /* Release */,
			);
			defaultConfigurationIsVisible = 0;
			defaultConfigurationName = Release;
		};
		D6741A6620E75B8B00C6AFFA /* Build configuration list for PBXNativeTarget "Leiter" */ = {
			isa = XCConfigurationList;
			buildConfigurations = (
				D6741A6720E75B8B00C6AFFA /* Debug */,
				D6741A6820E75B8B00C6AFFA /* Release */,
			);
			defaultConfigurationIsVisible = 0;
			defaultConfigurationName = Release;
		};
/* End XCConfigurationList section */
	};
	rootObject = D6741A4C20E75B8A00C6AFFA /* Project object */;
}
